{
  "version": 4,
  "terraform_version": "1.5.7",
  "serial": 20,
  "lineage": "dbe848b6-ecf0-94cb-8eb6-5f132dba9881",
  "outputs": {
    "dc_public_ips": {
      "value": "18.222.28.130",
      "type": "string"
    },
    "password_decrypted": {
      "value": "V0m;PDgyhX2K37l8C(lXGdsgcJ6.m(OO",
      "type": "string",
      "sensitive": true
    },
    "windows_server_member_public_ip_0": {
      "value": "18.218.89.6",
      "type": "string"
    },
    "windows_server_member_public_ip_1": {
      "value": "3.134.95.131",
      "type": "string"
    }
  },
  "resources": [
    {
      "mode": "data",
      "type": "aws_ami",
      "name": "windows-member-server",
      "provider": "provider[\"registry.terraform.io/hashicorp/aws\"]",
      "instances": [
        {
          "schema_version": 0,
          "attributes": {
            "architecture": "x86_64",
            "arn": "arn:aws:ec2:us-east-2::image/ami-0caa6784ed30b62c4",
            "block_device_mappings": [
              {
                "device_name": "/dev/sda1",
                "ebs": {
                  "delete_on_termination": "true",
                  "encrypted": "false",
                  "iops": "0",
                  "snapshot_id": "snap-0fb93802df4757035",
                  "throughput": "0",
                  "volume_size": "30",
                  "volume_type": "gp2"
                },
                "no_device": "",
                "virtual_name": ""
              },
              {
                "device_name": "xvdca",
                "ebs": {},
                "no_device": "",
                "virtual_name": "ephemeral0"
              },
              {
                "device_name": "xvdcb",
                "ebs": {},
                "no_device": "",
                "virtual_name": "ephemeral1"
              },
              {
                "device_name": "xvdcc",
                "ebs": {},
                "no_device": "",
                "virtual_name": "ephemeral2"
              },
              {
                "device_name": "xvdcd",
                "ebs": {},
                "no_device": "",
                "virtual_name": "ephemeral3"
              },
              {
                "device_name": "xvdce",
                "ebs": {},
                "no_device": "",
                "virtual_name": "ephemeral4"
              },
              {
                "device_name": "xvdcf",
                "ebs": {},
                "no_device": "",
                "virtual_name": "ephemeral5"
              },
              {
                "device_name": "xvdcg",
                "ebs": {},
                "no_device": "",
                "virtual_name": "ephemeral6"
              },
              {
                "device_name": "xvdch",
                "ebs": {},
                "no_device": "",
                "virtual_name": "ephemeral7"
              },
              {
                "device_name": "xvdci",
                "ebs": {},
                "no_device": "",
                "virtual_name": "ephemeral8"
              },
              {
                "device_name": "xvdcj",
                "ebs": {},
                "no_device": "",
                "virtual_name": "ephemeral9"
              },
              {
                "device_name": "xvdck",
                "ebs": {},
                "no_device": "",
                "virtual_name": "ephemeral10"
              },
              {
                "device_name": "xvdcl",
                "ebs": {},
                "no_device": "",
                "virtual_name": "ephemeral11"
              },
              {
                "device_name": "xvdcm",
                "ebs": {},
                "no_device": "",
                "virtual_name": "ephemeral12"
              },
              {
                "device_name": "xvdcn",
                "ebs": {},
                "no_device": "",
                "virtual_name": "ephemeral13"
              },
              {
                "device_name": "xvdco",
                "ebs": {},
                "no_device": "",
                "virtual_name": "ephemeral14"
              },
              {
                "device_name": "xvdcp",
                "ebs": {},
                "no_device": "",
                "virtual_name": "ephemeral15"
              },
              {
                "device_name": "xvdcq",
                "ebs": {},
                "no_device": "",
                "virtual_name": "ephemeral16"
              },
              {
                "device_name": "xvdcr",
                "ebs": {},
                "no_device": "",
                "virtual_name": "ephemeral17"
              },
              {
                "device_name": "xvdcs",
                "ebs": {},
                "no_device": "",
                "virtual_name": "ephemeral18"
              },
              {
                "device_name": "xvdct",
                "ebs": {},
                "no_device": "",
                "virtual_name": "ephemeral19"
              },
              {
                "device_name": "xvdcu",
                "ebs": {},
                "no_device": "",
                "virtual_name": "ephemeral20"
              },
              {
                "device_name": "xvdcv",
                "ebs": {},
                "no_device": "",
                "virtual_name": "ephemeral21"
              },
              {
                "device_name": "xvdcw",
                "ebs": {},
                "no_device": "",
                "virtual_name": "ephemeral22"
              },
              {
                "device_name": "xvdcx",
                "ebs": {},
                "no_device": "",
                "virtual_name": "ephemeral23"
              },
              {
                "device_name": "xvdcy",
                "ebs": {},
                "no_device": "",
                "virtual_name": "ephemeral24"
              },
              {
                "device_name": "xvdcz",
                "ebs": {},
                "no_device": "",
                "virtual_name": "ephemeral25"
              }
            ],
            "boot_mode": "",
            "creation_date": "2024-04-10T05:45:20.000Z",
            "deprecation_time": "2026-04-10T05:45:20.000Z",
            "description": "Microsoft Windows Server 2022 Full Locale English AMI provided by Amazon",
            "ena_support": true,
            "executable_users": null,
            "filter": [
              {
                "name": "name",
                "values": [
                  "Windows_Server-2022-English-Full-Base*"
                ]
              }
            ],
            "hypervisor": "xen",
            "id": "ami-0caa6784ed30b62c4",
            "image_id": "ami-0caa6784ed30b62c4",
            "image_location": "amazon/Windows_Server-2022-English-Full-Base-2024.04.10",
            "image_owner_alias": "amazon",
            "image_type": "machine",
            "imds_support": "",
            "include_deprecated": false,
            "kernel_id": "",
            "most_recent": true,
            "name": "Windows_Server-2022-English-Full-Base-2024.04.10",
            "name_regex": null,
            "owner_id": "801119661308",
            "owners": [
              "amazon"
            ],
            "platform": "windows",
            "platform_details": "Windows",
            "product_codes": [],
            "public": true,
            "ramdisk_id": "",
            "root_device_name": "/dev/sda1",
            "root_device_type": "ebs",
            "root_snapshot_id": "snap-0fb93802df4757035",
            "sriov_net_support": "simple",
            "state": "available",
            "state_reason": {
              "code": "UNSET",
              "message": "UNSET"
            },
            "tags": {},
            "timeouts": null,
            "tpm_support": "",
            "usage_operation": "RunInstances:0002",
            "virtualization_type": "hvm"
          },
          "sensitive_attributes": []
        }
      ]
    },
    {
      "mode": "data",
      "type": "aws_ami",
      "name": "windows-server",
      "provider": "provider[\"registry.terraform.io/hashicorp/aws\"]",
      "instances": [
        {
          "schema_version": 0,
          "attributes": {
            "architecture": "x86_64",
            "arn": "arn:aws:ec2:us-east-2::image/ami-040659f19dd333555",
            "block_device_mappings": [
              {
                "device_name": "/dev/sda1",
                "ebs": {
                  "delete_on_termination": "true",
                  "encrypted": "false",
                  "iops": "0",
                  "snapshot_id": "snap-0050a7b881b011749",
                  "throughput": "0",
                  "volume_size": "30",
                  "volume_type": "gp2"
                },
                "no_device": "",
                "virtual_name": ""
              },
              {
                "device_name": "xvdca",
                "ebs": {},
                "no_device": "",
                "virtual_name": "ephemeral0"
              },
              {
                "device_name": "xvdcb",
                "ebs": {},
                "no_device": "",
                "virtual_name": "ephemeral1"
              },
              {
                "device_name": "xvdcc",
                "ebs": {},
                "no_device": "",
                "virtual_name": "ephemeral2"
              },
              {
                "device_name": "xvdcd",
                "ebs": {},
                "no_device": "",
                "virtual_name": "ephemeral3"
              },
              {
                "device_name": "xvdce",
                "ebs": {},
                "no_device": "",
                "virtual_name": "ephemeral4"
              },
              {
                "device_name": "xvdcf",
                "ebs": {},
                "no_device": "",
                "virtual_name": "ephemeral5"
              },
              {
                "device_name": "xvdcg",
                "ebs": {},
                "no_device": "",
                "virtual_name": "ephemeral6"
              },
              {
                "device_name": "xvdch",
                "ebs": {},
                "no_device": "",
                "virtual_name": "ephemeral7"
              },
              {
                "device_name": "xvdci",
                "ebs": {},
                "no_device": "",
                "virtual_name": "ephemeral8"
              },
              {
                "device_name": "xvdcj",
                "ebs": {},
                "no_device": "",
                "virtual_name": "ephemeral9"
              },
              {
                "device_name": "xvdck",
                "ebs": {},
                "no_device": "",
                "virtual_name": "ephemeral10"
              },
              {
                "device_name": "xvdcl",
                "ebs": {},
                "no_device": "",
                "virtual_name": "ephemeral11"
              },
              {
                "device_name": "xvdcm",
                "ebs": {},
                "no_device": "",
                "virtual_name": "ephemeral12"
              },
              {
                "device_name": "xvdcn",
                "ebs": {},
                "no_device": "",
                "virtual_name": "ephemeral13"
              },
              {
                "device_name": "xvdco",
                "ebs": {},
                "no_device": "",
                "virtual_name": "ephemeral14"
              },
              {
                "device_name": "xvdcp",
                "ebs": {},
                "no_device": "",
                "virtual_name": "ephemeral15"
              },
              {
                "device_name": "xvdcq",
                "ebs": {},
                "no_device": "",
                "virtual_name": "ephemeral16"
              },
              {
                "device_name": "xvdcr",
                "ebs": {},
                "no_device": "",
                "virtual_name": "ephemeral17"
              },
              {
                "device_name": "xvdcs",
                "ebs": {},
                "no_device": "",
                "virtual_name": "ephemeral18"
              },
              {
                "device_name": "xvdct",
                "ebs": {},
                "no_device": "",
                "virtual_name": "ephemeral19"
              },
              {
                "device_name": "xvdcu",
                "ebs": {},
                "no_device": "",
                "virtual_name": "ephemeral20"
              },
              {
                "device_name": "xvdcv",
                "ebs": {},
                "no_device": "",
                "virtual_name": "ephemeral21"
              },
              {
                "device_name": "xvdcw",
                "ebs": {},
                "no_device": "",
                "virtual_name": "ephemeral22"
              },
              {
                "device_name": "xvdcx",
                "ebs": {},
                "no_device": "",
                "virtual_name": "ephemeral23"
              },
              {
                "device_name": "xvdcy",
                "ebs": {},
                "no_device": "",
                "virtual_name": "ephemeral24"
              },
              {
                "device_name": "xvdcz",
                "ebs": {},
                "no_device": "",
                "virtual_name": "ephemeral25"
              }
            ],
            "boot_mode": "",
            "creation_date": "2024-04-10T05:33:22.000Z",
            "deprecation_time": "2026-04-10T05:33:22.000Z",
            "description": "Microsoft Windows Server 2022 Core Locale English AMI provided by Amazon",
            "ena_support": true,
            "executable_users": null,
            "filter": [
              {
                "name": "name",
                "values": [
                  "Windows_Server-2022-English-Core-Base*"
                ]
              }
            ],
            "hypervisor": "xen",
            "id": "ami-040659f19dd333555",
            "image_id": "ami-040659f19dd333555",
            "image_location": "amazon/Windows_Server-2022-English-Core-Base-2024.04.10",
            "image_owner_alias": "amazon",
            "image_type": "machine",
            "imds_support": "",
            "include_deprecated": false,
            "kernel_id": "",
            "most_recent": true,
            "name": "Windows_Server-2022-English-Core-Base-2024.04.10",
            "name_regex": null,
            "owner_id": "801119661308",
            "owners": [
              "amazon"
            ],
            "platform": "windows",
            "platform_details": "Windows",
            "product_codes": [],
            "public": true,
            "ramdisk_id": "",
            "root_device_name": "/dev/sda1",
            "root_device_type": "ebs",
            "root_snapshot_id": "snap-0050a7b881b011749",
            "sriov_net_support": "simple",
            "state": "available",
            "state_reason": {
              "code": "UNSET",
              "message": "UNSET"
            },
            "tags": {},
            "timeouts": null,
            "tpm_support": "",
            "usage_operation": "RunInstances:0002",
            "virtualization_type": "hvm"
          },
          "sensitive_attributes": []
        }
      ]
    },
    {
      "mode": "data",
      "type": "template_file",
      "name": "windows-ca-userdata",
      "provider": "provider[\"registry.terraform.io/hashicorp/template\"]",
      "instances": [
        {
          "schema_version": 0,
          "attributes": {
            "filename": null,
            "id": "741712575935c19237f8b5e6769eefead57c380450ae4e7f7a802b505fb2bbdf",
            "rendered": "\u003cpowershell\u003e\n\nSet-ExecutionPolicy unrestricted -Force\n\nnet user Administrator \"abc123...xyz789\"\n$domain = (Get-WmiObject win32_computersystem).Domain\n$hostname = hostname\n$domain_username = \"crit.nessdemo.local\\Administrator\"\n$domain_password = ConvertTo-SecureString \"abc123...xyz789\" -AsPlainText -Force\n$credential = New-Object System.Management.Automation.PSCredential($domain_username,$domain_password)\n\nif ($domain -ne 'crit.nessdemo.local'){\n  Start-Sleep -Seconds 600\n  Add-Computer -DomainName crit.nessdemo.local -Credential $credential -Passthru -Verbose -Force -Restart\n}\n\nInstall-WindowsFeature ADCS-Cert-Authority -IncludeManagementTools\nAdd-WindowsFeature Adcs-Web-Enrollment\n\nInstall-ADcsCertificationAuthority –Credential $credential -CAType EnterpriseRootCa -Force\nInstall-AdcsWebEnrollment –Credential $credential  -Force\n\n#[Net.ServicePointManager]::SecurityProtocol = [Net.SecurityProtocolType]::Tls12\n#Install-PackageProvider -Name NuGet -MinimumVersion 2.8.5.201 -Force\n#Install-Module -Name PSPKI -Force\n#Get-CertificateTemplate -Name WebServer | Get-CertificateTemplate | Add-CertificateTemplateAcl -Identity \"Authenticated Users\" -AccessType Allow -AccessMask Read, Enroll | Set-CertificateTemplateAcl\n\nStart-Sleep -Seconds 5\n\u003c/powershell\u003e\n\u003cpersist\u003etrue\u003c/persist\u003e\n",
            "template": "\u003cpowershell\u003e\n\nSet-ExecutionPolicy unrestricted -Force\n\nnet user Administrator \"abc123...xyz789\"\n$domain = (Get-WmiObject win32_computersystem).Domain\n$hostname = hostname\n$domain_username = \"crit.nessdemo.local\\Administrator\"\n$domain_password = ConvertTo-SecureString \"abc123...xyz789\" -AsPlainText -Force\n$credential = New-Object System.Management.Automation.PSCredential($domain_username,$domain_password)\n\nif ($domain -ne 'crit.nessdemo.local'){\n  Start-Sleep -Seconds 600\n  Add-Computer -DomainName crit.nessdemo.local -Credential $credential -Passthru -Verbose -Force -Restart\n}\n\nInstall-WindowsFeature ADCS-Cert-Authority -IncludeManagementTools\nAdd-WindowsFeature Adcs-Web-Enrollment\n\nInstall-ADcsCertificationAuthority –Credential $credential -CAType EnterpriseRootCa -Force\nInstall-AdcsWebEnrollment –Credential $credential  -Force\n\n#[Net.ServicePointManager]::SecurityProtocol = [Net.SecurityProtocolType]::Tls12\n#Install-PackageProvider -Name NuGet -MinimumVersion 2.8.5.201 -Force\n#Install-Module -Name PSPKI -Force\n#Get-CertificateTemplate -Name WebServer | Get-CertificateTemplate | Add-CertificateTemplateAcl -Identity \"Authenticated Users\" -AccessType Allow -AccessMask Read, Enroll | Set-CertificateTemplateAcl\n\nStart-Sleep -Seconds 5\n\u003c/powershell\u003e\n\u003cpersist\u003etrue\u003c/persist\u003e\n",
            "vars": null
          },
          "sensitive_attributes": []
        }
      ]
    },
    {
      "mode": "data",
      "type": "template_file",
      "name": "windows-dc-userdata",
      "provider": "provider[\"registry.terraform.io/hashicorp/template\"]",
      "instances": [
        {
          "schema_version": 0,
          "attributes": {
            "filename": null,
            "id": "a9645ffe3d62a0fed833a531e26d6030b1bc4b44b50ba2353d63f14a20f1a723",
            "rendered": "\u003cpowershell\u003e\nnet user Administrator \"abc123...xyz789\"\n$Password = ConvertTo-SecureString \"abc123...xyz789\" -AsPlainText -Force;\nAdd-WindowsFeature AD-Domain-Services -IncludeManagementTools\nInstall-ADDSForest -CreateDnsDelegation:$false -DatabasePath C:\\Windows\\NTDS -DomainMode WinThreshold -DomainName crit.nessdemo.local -DomainNetbiosName ADFS -ForestMode WinThreshold -InstallDns:$true -LogPath C:\\Windows\\NTDS -NoRebootOnCompletion:$true -SafeModeAdministratorPassword $Password -SysvolPath C:\\Windows\\SYSVOL -Force:$true;\n\nRestart-Computer;\n\n\u003c/powershell\u003e\n",
            "template": "\u003cpowershell\u003e\nnet user Administrator \"abc123...xyz789\"\n$Password = ConvertTo-SecureString \"abc123...xyz789\" -AsPlainText -Force;\nAdd-WindowsFeature AD-Domain-Services -IncludeManagementTools\nInstall-ADDSForest -CreateDnsDelegation:$false -DatabasePath C:\\Windows\\NTDS -DomainMode WinThreshold -DomainName crit.nessdemo.local -DomainNetbiosName ADFS -ForestMode WinThreshold -InstallDns:$true -LogPath C:\\Windows\\NTDS -NoRebootOnCompletion:$true -SafeModeAdministratorPassword $Password -SysvolPath C:\\Windows\\SYSVOL -Force:$true;\n\nRestart-Computer;\n\n\u003c/powershell\u003e\n",
            "vars": null
          },
          "sensitive_attributes": []
        }
      ]
    },
    {
      "mode": "data",
      "type": "template_file",
      "name": "windows-member-userdata",
      "provider": "provider[\"registry.terraform.io/hashicorp/template\"]",
      "instances": [
        {
          "schema_version": 0,
          "attributes": {
            "filename": null,
            "id": "f919b93be8ee5d441014003f8ca8d9a762c7f49648d42a810e200a39c2dded1f",
            "rendered": "\u003cpowershell\u003e\n\nSet-ExecutionPolicy unrestricted -Force\n\nnet user Administrator \"abc123...xyz789\"\n$domain = (Get-WmiObject win32_computersystem).Domain\n$hostname = hostname\n$domain_username = \"crit.nessdemo.local\\Administrator\"\n$domain_password = ConvertTo-SecureString \"abc123...xyz789\" -AsPlainText -Force\n$credential = New-Object System.Management.Automation.PSCredential($domain_username,$domain_password)\n\nif ($domain -ne 'crit.nessdemo.local'){\n  Start-Sleep -Seconds 600\n  Add-Computer -DomainName crit.nessdemo.local -Credential $credential -Passthru -Verbose -Force -Restart\n}\n\nStart-Sleep -Seconds 5\n\u003c/powershell\u003e\n\u003cpersist\u003etrue\u003c/persist\u003e\n",
            "template": "\u003cpowershell\u003e\n\nSet-ExecutionPolicy unrestricted -Force\n\nnet user Administrator \"abc123...xyz789\"\n$domain = (Get-WmiObject win32_computersystem).Domain\n$hostname = hostname\n$domain_username = \"crit.nessdemo.local\\Administrator\"\n$domain_password = ConvertTo-SecureString \"abc123...xyz789\" -AsPlainText -Force\n$credential = New-Object System.Management.Automation.PSCredential($domain_username,$domain_password)\n\nif ($domain -ne 'crit.nessdemo.local'){\n  Start-Sleep -Seconds 600\n  Add-Computer -DomainName crit.nessdemo.local -Credential $credential -Passthru -Verbose -Force -Restart\n}\n\nStart-Sleep -Seconds 5\n\u003c/powershell\u003e\n\u003cpersist\u003etrue\u003c/persist\u003e\n",
            "vars": null
          },
          "sensitive_attributes": []
        }
      ]
    },
    {
      "mode": "managed",
      "type": "aws_instance",
      "name": "windows-server-ca",
      "provider": "provider[\"registry.terraform.io/hashicorp/aws\"]",
      "instances": [
        {
          "schema_version": 1,
          "attributes": {
            "ami": "ami-040659f19dd333555",
            "arn": "arn:aws:ec2:us-east-2:203518068312:instance/i-0b6d06846ed55082a",
            "associate_public_ip_address": true,
            "availability_zone": "us-east-2c",
            "capacity_reservation_specification": [
              {
                "capacity_reservation_preference": "open",
                "capacity_reservation_target": []
              }
            ],
            "cpu_core_count": 1,
            "cpu_options": [
              {
                "amd_sev_snp": "",
                "core_count": 1,
                "threads_per_core": 2
              }
            ],
            "cpu_threads_per_core": 2,
            "credit_specification": [
              {
                "cpu_credits": "unlimited"
              }
            ],
            "disable_api_stop": false,
            "disable_api_termination": false,
            "ebs_block_device": [],
            "ebs_optimized": false,
            "enclave_options": [
              {
                "enabled": false
              }
            ],
            "ephemeral_block_device": [],
            "get_password_data": false,
            "hibernation": false,
            "host_id": "",
            "host_resource_group_arn": null,
            "iam_instance_profile": "",
            "id": "i-0b6d06846ed55082a",
            "instance_initiated_shutdown_behavior": "stop",
            "instance_lifecycle": "",
            "instance_market_options": [],
            "instance_state": "running",
            "instance_type": "t3.large",
            "ipv6_address_count": 0,
            "ipv6_addresses": [],
            "key_name": "windows-key-pair",
            "launch_template": [],
            "maintenance_options": [
              {
                "auto_recovery": "default"
              }
            ],
            "metadata_options": [
              {
                "http_endpoint": "enabled",
                "http_protocol_ipv6": "disabled",
                "http_put_response_hop_limit": 1,
                "http_tokens": "optional",
                "instance_metadata_tags": "disabled"
              }
            ],
            "monitoring": true,
            "network_interface": [],
            "outpost_arn": "",
            "password_data": "",
            "placement_group": "",
            "placement_partition_number": 0,
            "primary_network_interface_id": "eni-05efbf4f7f5192b55",
            "private_dns": "ip-10-11-1-53.us-east-2.compute.internal",
            "private_dns_name_options": [
              {
                "enable_resource_name_dns_a_record": false,
                "enable_resource_name_dns_aaaa_record": false,
                "hostname_type": "ip-name"
              }
            ],
            "private_ip": "10.11.1.53",
            "public_dns": "ec2-3-144-78-223.us-east-2.compute.amazonaws.com",
            "public_ip": "3.144.78.223",
            "root_block_device": [
              {
                "delete_on_termination": true,
                "device_name": "/dev/sda1",
                "encrypted": true,
                "iops": 300,
                "kms_key_id": "arn:aws:kms:us-east-2:203518068312:key/74994308-0c5d-445f-872b-5355fd36b037",
                "tags": null,
                "tags_all": {},
                "throughput": 0,
                "volume_id": "vol-0226490a73d6a2503",
                "volume_size": 100,
                "volume_type": "gp2"
              }
            ],
            "secondary_private_ips": [],
            "security_groups": [],
            "source_dest_check": false,
            "spot_instance_request_id": "",
            "subnet_id": "subnet-07829f47d42b9f216",
            "tags": {
              "Environment": "test",
              "Name": "windows-server-ca"
            },
            "tags_all": {
              "Environment": "test",
              "Name": "windows-server-ca"
            },
            "tenancy": "default",
            "timeouts": null,
            "user_data": "5bfd732cd541fdd249e672a1208ad5bfdb781325",
            "user_data_base64": null,
            "user_data_replace_on_change": false,
            "volume_tags": null,
            "vpc_security_group_ids": [
              "sg-01d7849985aa1dbba"
            ]
          },
          "sensitive_attributes": [],
          "private": "eyJlMmJmYjczMC1lY2FhLTExZTYtOGY4OC0zNDM2M2JjN2M0YzAiOnsiY3JlYXRlIjo2MDAwMDAwMDAwMDAsImRlbGV0ZSI6MTIwMDAwMDAwMDAwMCwicmVhZCI6OTAwMDAwMDAwMDAwLCJ1cGRhdGUiOjYwMDAwMDAwMDAwMH0sInNjaGVtYV92ZXJzaW9uIjoiMSJ9",
          "dependencies": [
            "aws_key_pair.key_pair",
            "aws_security_group.aws-windows-sg",
            "aws_subnet.public-subnet",
            "aws_vpc.vpc",
            "data.aws_ami.windows-server",
            "data.template_file.windows-ca-userdata",
            "tls_private_key.key_pair"
          ]
        }
      ]
    },
    {
      "mode": "managed",
      "type": "aws_instance",
      "name": "windows-server-dc",
      "provider": "provider[\"registry.terraform.io/hashicorp/aws\"]",
      "instances": [
        {
          "schema_version": 1,
          "attributes": {
            "ami": "ami-040659f19dd333555",
            "arn": "arn:aws:ec2:us-east-2:203518068312:instance/i-0d640898d3157e437",
            "associate_public_ip_address": true,
            "availability_zone": "us-east-2c",
            "capacity_reservation_specification": [
              {
                "capacity_reservation_preference": "open",
                "capacity_reservation_target": []
              }
            ],
            "cpu_core_count": 1,
            "cpu_options": [
              {
                "amd_sev_snp": "",
                "core_count": 1,
                "threads_per_core": 2
              }
            ],
            "cpu_threads_per_core": 2,
            "credit_specification": [
              {
                "cpu_credits": "unlimited"
              }
            ],
            "disable_api_stop": false,
            "disable_api_termination": false,
            "ebs_block_device": [],
            "ebs_optimized": false,
            "enclave_options": [
              {
                "enabled": false
              }
            ],
            "ephemeral_block_device": [],
            "get_password_data": true,
            "hibernation": false,
            "host_id": "",
            "host_resource_group_arn": null,
            "iam_instance_profile": "",
            "id": "i-0d640898d3157e437",
            "instance_initiated_shutdown_behavior": "stop",
            "instance_lifecycle": "",
            "instance_market_options": [],
            "instance_state": "running",
            "instance_type": "t3.large",
            "ipv6_address_count": 0,
            "ipv6_addresses": [],
            "key_name": "windows-key-pair",
            "launch_template": [],
            "maintenance_options": [
              {
                "auto_recovery": "default"
              }
            ],
            "metadata_options": [
              {
                "http_endpoint": "enabled",
                "http_protocol_ipv6": "disabled",
                "http_put_response_hop_limit": 1,
                "http_tokens": "optional",
                "instance_metadata_tags": "disabled"
              }
            ],
            "monitoring": true,
            "network_interface": [],
            "outpost_arn": "",
            "password_data": "uCBS6lCQ/BnUTN1yq5AW5nzmKtf6WxYdAz7bGAPMpHsHcz6sXd0dI+zd58/cxReFLTmgOlyhzXuzUpZacVgTnKPYStLH9RPfs+GcVihEqWsWN6tVpbYk8CdOfrwymBdgLtjJwJJkWarIDbWszgtFSUuHaISEhb2hLqKd3a4gTy46u9Q2XjFl4nNuPo57ERJu+wTt0SrBMFPnDT3KhrHDGWM0fa0GRcHnaSZVh8c90L8ngeWmM2wSuLtXZhFRjpeFEeowEEEjdFL87sSUe6F5W6t+pJ/hp4RPROaVDXP9qHxP/8dr/PL6qxc89gThnGCv8CN+sxmsVL77nDVuEqtmXRYLqIB8YK/S5wpwow+D70gJrBQlJB2YU54Oj3UDsbkQ1H6agY81K2RbvbAbDxH9JU0R5A+kJ0127KHelr3bFEhiGIcBZKm8uZAgMea7c3lnvC2k7StgImF3CCvfCtR2ncHC76PtcNNfB/yydSgAk4xExCIzs7yPF3KaeseWhSnAFQ2JGsxymp8p3ZBy0ZP0qHjbaDgH9BUf/fvuiyQzt10ZfqQ/ZoKYucT9Ik2taXo80KYxN5AMmYFjZXCZYZWt76b5BbcDY0dyqBah3x3s6ZXZqKcnSve2TGYfG9+b5fkLk7vsc4DNxA0NMSK0JwjqqcnS+JVkckiMmUvpwZJi/38=",
            "placement_group": "",
            "placement_partition_number": 0,
            "primary_network_interface_id": "eni-04d9a8a13d9b95bde",
            "private_dns": "ip-10-11-1-131.us-east-2.compute.internal",
            "private_dns_name_options": [
              {
                "enable_resource_name_dns_a_record": false,
                "enable_resource_name_dns_aaaa_record": false,
                "hostname_type": "ip-name"
              }
            ],
            "private_ip": "10.11.1.131",
            "public_dns": "ec2-18-222-28-130.us-east-2.compute.amazonaws.com",
            "public_ip": "18.222.28.130",
            "root_block_device": [
              {
                "delete_on_termination": true,
                "device_name": "/dev/sda1",
                "encrypted": true,
                "iops": 300,
                "kms_key_id": "arn:aws:kms:us-east-2:203518068312:key/74994308-0c5d-445f-872b-5355fd36b037",
                "tags": null,
                "tags_all": {},
                "throughput": 0,
                "volume_id": "vol-0104d7c4c9243fd02",
                "volume_size": 100,
                "volume_type": "gp2"
              }
            ],
            "secondary_private_ips": [],
            "security_groups": [],
            "source_dest_check": false,
            "spot_instance_request_id": "",
            "subnet_id": "subnet-07829f47d42b9f216",
            "tags": {
              "Environment": "test",
              "Name": "windows-server-dc"
            },
            "tags_all": {
              "Environment": "test",
              "Name": "windows-server-dc"
            },
            "tenancy": "default",
            "timeouts": null,
            "user_data": "9193b55eb72f4f5cc2016777a0dee86bf592e917",
            "user_data_base64": null,
            "user_data_replace_on_change": false,
            "volume_tags": null,
            "vpc_security_group_ids": [
              "sg-01d7849985aa1dbba"
            ]
          },
          "sensitive_attributes": [],
          "private": "eyJlMmJmYjczMC1lY2FhLTExZTYtOGY4OC0zNDM2M2JjN2M0YzAiOnsiY3JlYXRlIjo2MDAwMDAwMDAwMDAsImRlbGV0ZSI6MTIwMDAwMDAwMDAwMCwicmVhZCI6OTAwMDAwMDAwMDAwLCJ1cGRhdGUiOjYwMDAwMDAwMDAwMH0sInNjaGVtYV92ZXJzaW9uIjoiMSJ9",
          "dependencies": [
            "aws_key_pair.key_pair",
            "aws_security_group.aws-windows-sg",
            "aws_subnet.public-subnet",
            "aws_vpc.vpc",
            "data.aws_ami.windows-server",
            "data.template_file.windows-dc-userdata",
            "tls_private_key.key_pair"
          ]
        }
      ]
    },
    {
      "mode": "managed",
      "type": "aws_instance",
      "name": "windows-server-member",
      "provider": "provider[\"registry.terraform.io/hashicorp/aws\"]",
      "instances": [
        {
          "index_key": 0,
          "schema_version": 1,
          "attributes": {
            "ami": "ami-0caa6784ed30b62c4",
            "arn": "arn:aws:ec2:us-east-2:203518068312:instance/i-04031b27a3ba436c3",
            "associate_public_ip_address": true,
            "availability_zone": "us-east-2c",
            "capacity_reservation_specification": [
              {
                "capacity_reservation_preference": "open",
                "capacity_reservation_target": []
              }
            ],
            "cpu_core_count": 1,
            "cpu_options": [
              {
                "amd_sev_snp": "",
                "core_count": 1,
                "threads_per_core": 2
              }
            ],
            "cpu_threads_per_core": 2,
            "credit_specification": [
              {
                "cpu_credits": "unlimited"
              }
            ],
            "disable_api_stop": false,
            "disable_api_termination": false,
            "ebs_block_device": [],
            "ebs_optimized": false,
            "enclave_options": [
              {
                "enabled": false
              }
            ],
            "ephemeral_block_device": [],
            "get_password_data": false,
            "hibernation": false,
            "host_id": "",
            "host_resource_group_arn": null,
            "iam_instance_profile": "",
            "id": "i-04031b27a3ba436c3",
            "instance_initiated_shutdown_behavior": "stop",
            "instance_lifecycle": "",
            "instance_market_options": [],
            "instance_state": "running",
            "instance_type": "t3.large",
            "ipv6_address_count": 0,
            "ipv6_addresses": [],
            "key_name": "windows-key-pair",
            "launch_template": [],
            "maintenance_options": [
              {
                "auto_recovery": "default"
              }
            ],
            "metadata_options": [
              {
                "http_endpoint": "enabled",
                "http_protocol_ipv6": "disabled",
                "http_put_response_hop_limit": 1,
                "http_tokens": "optional",
                "instance_metadata_tags": "disabled"
              }
            ],
            "monitoring": true,
            "network_interface": [],
            "outpost_arn": "",
            "password_data": "",
            "placement_group": "",
            "placement_partition_number": 0,
            "primary_network_interface_id": "eni-01ae79d2e60c6215d",
            "private_dns": "ip-10-11-1-35.us-east-2.compute.internal",
            "private_dns_name_options": [
              {
                "enable_resource_name_dns_a_record": false,
                "enable_resource_name_dns_aaaa_record": false,
                "hostname_type": "ip-name"
              }
            ],
            "private_ip": "10.11.1.35",
            "public_dns": "ec2-18-218-89-6.us-east-2.compute.amazonaws.com",
            "public_ip": "18.218.89.6",
            "root_block_device": [
              {
                "delete_on_termination": true,
                "device_name": "/dev/sda1",
                "encrypted": true,
                "iops": 300,
                "kms_key_id": "arn:aws:kms:us-east-2:203518068312:key/74994308-0c5d-445f-872b-5355fd36b037",
                "tags": null,
                "tags_all": {},
                "throughput": 0,
                "volume_id": "vol-0a6e005efaefc9a58",
                "volume_size": 100,
                "volume_type": "gp2"
              }
            ],
            "secondary_private_ips": [],
            "security_groups": [],
            "source_dest_check": false,
            "spot_instance_request_id": "",
            "subnet_id": "subnet-07829f47d42b9f216",
            "tags": {
              "Environment": "test",
              "Name": "windows-server-member-0"
            },
            "tags_all": {
              "Environment": "test",
              "Name": "windows-server-member-0"
            },
            "tenancy": "default",
            "timeouts": null,
            "user_data": "c7f79a5a7b42cd7aa23b98b629ba1fc8e89941a2",
            "user_data_base64": null,
            "user_data_replace_on_change": false,
            "volume_tags": null,
            "vpc_security_group_ids": [
              "sg-01d7849985aa1dbba"
            ]
          },
          "sensitive_attributes": [],
          "private": "eyJlMmJmYjczMC1lY2FhLTExZTYtOGY4OC0zNDM2M2JjN2M0YzAiOnsiY3JlYXRlIjo2MDAwMDAwMDAwMDAsImRlbGV0ZSI6MTIwMDAwMDAwMDAwMCwicmVhZCI6OTAwMDAwMDAwMDAwLCJ1cGRhdGUiOjYwMDAwMDAwMDAwMH0sInNjaGVtYV92ZXJzaW9uIjoiMSJ9",
          "dependencies": [
            "aws_key_pair.key_pair",
            "aws_security_group.aws-windows-sg",
            "aws_subnet.public-subnet",
            "aws_vpc.vpc",
            "data.aws_ami.windows-member-server",
            "data.template_file.windows-member-userdata",
            "tls_private_key.key_pair"
          ]
        },
        {
          "index_key": 1,
          "schema_version": 1,
          "attributes": {
            "ami": "ami-0caa6784ed30b62c4",
            "arn": "arn:aws:ec2:us-east-2:203518068312:instance/i-0cd01583602819f6a",
            "associate_public_ip_address": true,
            "availability_zone": "us-east-2c",
            "capacity_reservation_specification": [
              {
                "capacity_reservation_preference": "open",
                "capacity_reservation_target": []
              }
            ],
            "cpu_core_count": 1,
            "cpu_options": [
              {
                "amd_sev_snp": "",
                "core_count": 1,
                "threads_per_core": 2
              }
            ],
            "cpu_threads_per_core": 2,
            "credit_specification": [
              {
                "cpu_credits": "unlimited"
              }
            ],
            "disable_api_stop": false,
            "disable_api_termination": false,
            "ebs_block_device": [],
            "ebs_optimized": false,
            "enclave_options": [
              {
                "enabled": false
              }
            ],
            "ephemeral_block_device": [],
            "get_password_data": false,
            "hibernation": false,
            "host_id": "",
            "host_resource_group_arn": null,
            "iam_instance_profile": "",
            "id": "i-0cd01583602819f6a",
            "instance_initiated_shutdown_behavior": "stop",
            "instance_lifecycle": "",
            "instance_market_options": [],
            "instance_state": "running",
            "instance_type": "t3.large",
            "ipv6_address_count": 0,
            "ipv6_addresses": [],
            "key_name": "windows-key-pair",
            "launch_template": [],
            "maintenance_options": [
              {
                "auto_recovery": "default"
              }
            ],
            "metadata_options": [
              {
                "http_endpoint": "enabled",
                "http_protocol_ipv6": "disabled",
                "http_put_response_hop_limit": 1,
                "http_tokens": "optional",
                "instance_metadata_tags": "disabled"
              }
            ],
            "monitoring": true,
            "network_interface": [],
            "outpost_arn": "",
            "password_data": "",
            "placement_group": "",
            "placement_partition_number": 0,
            "primary_network_interface_id": "eni-0068ae2251b69d15f",
            "private_dns": "ip-10-11-1-196.us-east-2.compute.internal",
            "private_dns_name_options": [
              {
                "enable_resource_name_dns_a_record": false,
                "enable_resource_name_dns_aaaa_record": false,
                "hostname_type": "ip-name"
              }
            ],
            "private_ip": "10.11.1.196",
            "public_dns": "ec2-3-134-95-131.us-east-2.compute.amazonaws.com",
            "public_ip": "3.134.95.131",
            "root_block_device": [
              {
                "delete_on_termination": true,
                "device_name": "/dev/sda1",
                "encrypted": true,
                "iops": 300,
                "kms_key_id": "arn:aws:kms:us-east-2:203518068312:key/74994308-0c5d-445f-872b-5355fd36b037",
                "tags": null,
                "tags_all": {},
                "throughput": 0,
                "volume_id": "vol-096ecda1ccd4bfbbd",
                "volume_size": 100,
                "volume_type": "gp2"
              }
            ],
            "secondary_private_ips": [],
            "security_groups": [],
            "source_dest_check": false,
            "spot_instance_request_id": "",
            "subnet_id": "subnet-07829f47d42b9f216",
            "tags": {
              "Environment": "test",
              "Name": "windows-server-member-1"
            },
            "tags_all": {
              "Environment": "test",
              "Name": "windows-server-member-1"
            },
            "tenancy": "default",
            "timeouts": null,
            "user_data": "c7f79a5a7b42cd7aa23b98b629ba1fc8e89941a2",
            "user_data_base64": null,
            "user_data_replace_on_change": false,
            "volume_tags": null,
            "vpc_security_group_ids": [
              "sg-01d7849985aa1dbba"
            ]
          },
          "sensitive_attributes": [],
          "private": "eyJlMmJmYjczMC1lY2FhLTExZTYtOGY4OC0zNDM2M2JjN2M0YzAiOnsiY3JlYXRlIjo2MDAwMDAwMDAwMDAsImRlbGV0ZSI6MTIwMDAwMDAwMDAwMCwicmVhZCI6OTAwMDAwMDAwMDAwLCJ1cGRhdGUiOjYwMDAwMDAwMDAwMH0sInNjaGVtYV92ZXJzaW9uIjoiMSJ9",
          "dependencies": [
            "aws_key_pair.key_pair",
            "aws_security_group.aws-windows-sg",
            "aws_subnet.public-subnet",
            "aws_vpc.vpc",
            "data.aws_ami.windows-member-server",
            "data.template_file.windows-member-userdata",
            "tls_private_key.key_pair"
          ]
        }
      ]
    },
    {
      "mode": "managed",
      "type": "aws_internet_gateway",
      "name": "gw",
      "provider": "provider[\"registry.terraform.io/hashicorp/aws\"]",
      "instances": [
        {
          "schema_version": 0,
          "attributes": {
            "arn": "arn:aws:ec2:us-east-2:203518068312:internet-gateway/igw-05e12b6f0a37eaa85",
            "id": "igw-05e12b6f0a37eaa85",
            "owner_id": "203518068312",
            "tags": null,
            "tags_all": {},
            "timeouts": null,
            "vpc_id": "vpc-0917efaac1a2a05ff"
          },
          "sensitive_attributes": [],
          "private": "eyJlMmJmYjczMC1lY2FhLTExZTYtOGY4OC0zNDM2M2JjN2M0YzAiOnsiY3JlYXRlIjoxMjAwMDAwMDAwMDAwLCJkZWxldGUiOjEyMDAwMDAwMDAwMDAsInVwZGF0ZSI6MTIwMDAwMDAwMDAwMH19",
          "dependencies": [
            "aws_vpc.vpc"
          ]
        }
      ]
    },
    {
      "mode": "managed",
      "type": "aws_key_pair",
      "name": "key_pair",
      "provider": "provider[\"registry.terraform.io/hashicorp/aws\"]",
      "instances": [
        {
          "schema_version": 1,
          "attributes": {
            "arn": "arn:aws:ec2:us-east-2:203518068312:key-pair/windows-key-pair",
            "fingerprint": "c9:bf:6a:1a:1c:59:16:54:30:60:d5:3e:ea:64:40:9a",
            "id": "windows-key-pair",
            "key_name": "windows-key-pair",
            "key_name_prefix": "",
            "key_pair_id": "key-0e160d72a2c8c8abd",
            "key_type": "rsa",
            "public_key": "ssh-rsa AAAAB3NzaC1yc2EAAAADAQABAAACAQDZMo3D7p1aHf/NHmUHjznLYIZjTaq6quwVPMlqIwEUErLf/L/Fyj3N6/DqpiIUIT/lDKWfm68289CzG1xr0j+1KyYAnnFyLMi9dSZYrbt76/zBBKfE+K7U3vbxP5v5tJZXIY/zbK2f5aELniFWSCWma7Ivd1Gs4Xdg64nSfwHS2XHtFA+BIPMYcV6Qe4NwB51u2KCkMxEeBDKz0lIfngqCZpEB8nTToRS8padbO+lUOEZCNoPW3m5d+Hk6HPt97NfF0EgdYRw/6SGwDBj+oUdSoEP98h3uM7VyxbjYxYn5t8iK2jPsMRd42wvTExJOAZhfCCEeNf1gppRjZNU+dNjLod516zBbpjUBn+/RfkFdkRnME/jpzfKPXiEa5SGoRr/p80jh3pjdTXQP9TOTp2oQ55mkGjoecDorYj2kPzw52MxN0d1rBzZ0z2UfKIH01JR77N/39nCkK3EisZWF04zUJn975WkyYd7k6vOebjmyJs+B5SfVOhKobvweXlJRzUGfJgbgl0DOLgo8MXjvngs5DhKZePxWUicIFBeLEKNe6A9PBFs6JrMGpQcRCN0MDfWOkwAVvz0/VtZ5xqwq0F9mKtKmn923pi9w2U98TPfx4DFLDWtdqL55Qr07qm2yP00j61PRgAuq9yG78VY8SFj4fX24Yk2hybiNFKd976E6yw==",
            "tags": null,
            "tags_all": {}
          },
          "sensitive_attributes": [],
          "private": "eyJzY2hlbWFfdmVyc2lvbiI6IjEifQ==",
          "dependencies": [
            "tls_private_key.key_pair"
          ]
        }
      ]
    },
    {
      "mode": "managed",
      "type": "aws_route_table",
      "name": "private-rt",
      "provider": "provider[\"registry.terraform.io/hashicorp/aws\"]",
      "instances": [
        {
          "schema_version": 0,
          "attributes": {
            "arn": "arn:aws:ec2:us-east-2:203518068312:route-table/rtb-0d1f11c766fa57cb4",
            "id": "rtb-0d1f11c766fa57cb4",
            "owner_id": "203518068312",
            "propagating_vgws": [],
            "route": [],
            "tags": null,
            "tags_all": {},
            "timeouts": null,
            "vpc_id": "vpc-0917efaac1a2a05ff"
          },
          "sensitive_attributes": [],
          "private": "eyJlMmJmYjczMC1lY2FhLTExZTYtOGY4OC0zNDM2M2JjN2M0YzAiOnsiY3JlYXRlIjozMDAwMDAwMDAwMDAsImRlbGV0ZSI6MzAwMDAwMDAwMDAwLCJ1cGRhdGUiOjEyMDAwMDAwMDAwMH19",
          "dependencies": [
            "aws_vpc.vpc"
          ]
        }
      ]
    },
    {
      "mode": "managed",
      "type": "aws_route_table",
      "name": "public-rt",
      "provider": "provider[\"registry.terraform.io/hashicorp/aws\"]",
      "instances": [
        {
          "schema_version": 0,
          "attributes": {
            "arn": "arn:aws:ec2:us-east-2:203518068312:route-table/rtb-074f70cd0a432c43b",
            "id": "rtb-074f70cd0a432c43b",
            "owner_id": "203518068312",
            "propagating_vgws": [],
            "route": [
              {
                "carrier_gateway_id": "",
                "cidr_block": "0.0.0.0/0",
                "core_network_arn": "",
                "destination_prefix_list_id": "",
                "egress_only_gateway_id": "",
                "gateway_id": "igw-05e12b6f0a37eaa85",
                "ipv6_cidr_block": "",
                "local_gateway_id": "",
                "nat_gateway_id": "",
                "network_interface_id": "",
                "transit_gateway_id": "",
                "vpc_endpoint_id": "",
                "vpc_peering_connection_id": ""
              }
            ],
            "tags": null,
            "tags_all": {},
            "timeouts": null,
            "vpc_id": "vpc-0917efaac1a2a05ff"
          },
          "sensitive_attributes": [],
          "private": "eyJlMmJmYjczMC1lY2FhLTExZTYtOGY4OC0zNDM2M2JjN2M0YzAiOnsiY3JlYXRlIjozMDAwMDAwMDAwMDAsImRlbGV0ZSI6MzAwMDAwMDAwMDAwLCJ1cGRhdGUiOjEyMDAwMDAwMDAwMH19",
          "dependencies": [
            "aws_internet_gateway.gw",
            "aws_vpc.vpc"
          ]
        }
      ]
    },
    {
      "mode": "managed",
      "type": "aws_route_table_association",
      "name": "perf-crta-private-subnet-1",
      "provider": "provider[\"registry.terraform.io/hashicorp/aws\"]",
      "instances": [
        {
          "schema_version": 0,
          "attributes": {
            "gateway_id": "",
            "id": "rtbassoc-0c4c0d21e445035a1",
            "route_table_id": "rtb-0d1f11c766fa57cb4",
            "subnet_id": "subnet-0d3ef5918a398bca3",
            "timeouts": null
          },
          "sensitive_attributes": [],
          "private": "eyJlMmJmYjczMC1lY2FhLTExZTYtOGY4OC0zNDM2M2JjN2M0YzAiOnsiY3JlYXRlIjozMDAwMDAwMDAwMDAsImRlbGV0ZSI6MzAwMDAwMDAwMDAwLCJ1cGRhdGUiOjEyMDAwMDAwMDAwMH19",
          "dependencies": [
            "aws_route_table.private-rt",
            "aws_subnet.private-subnet",
            "aws_vpc.vpc"
          ]
        }
      ]
    },
    {
      "mode": "managed",
      "type": "aws_route_table_association",
      "name": "public-rt-association",
      "provider": "provider[\"registry.terraform.io/hashicorp/aws\"]",
      "instances": [
        {
          "schema_version": 0,
          "attributes": {
            "gateway_id": "",
            "id": "rtbassoc-0eba8a631785ed3d3",
            "route_table_id": "rtb-074f70cd0a432c43b",
            "subnet_id": "subnet-07829f47d42b9f216",
            "timeouts": null
          },
          "sensitive_attributes": [],
          "private": "eyJlMmJmYjczMC1lY2FhLTExZTYtOGY4OC0zNDM2M2JjN2M0YzAiOnsiY3JlYXRlIjozMDAwMDAwMDAwMDAsImRlbGV0ZSI6MzAwMDAwMDAwMDAwLCJ1cGRhdGUiOjEyMDAwMDAwMDAwMH19",
          "dependencies": [
            "aws_internet_gateway.gw",
            "aws_route_table.public-rt",
            "aws_subnet.public-subnet",
            "aws_vpc.vpc"
          ]
        }
      ]
    },
    {
      "mode": "managed",
      "type": "aws_security_group",
      "name": "aws-windows-private-sg",
      "provider": "provider[\"registry.terraform.io/hashicorp/aws\"]",
      "instances": [
        {
          "schema_version": 1,
          "attributes": {
            "arn": "arn:aws:ec2:us-east-2:203518068312:security-group/sg-07415e442f9a145b6",
            "description": "Allow incoming connections",
            "egress": [
              {
                "cidr_blocks": [
                  "0.0.0.0/0"
                ],
                "description": "",
                "from_port": 0,
                "ipv6_cidr_blocks": [],
                "prefix_list_ids": [],
                "protocol": "-1",
                "security_groups": [],
                "self": false,
                "to_port": 0
              }
            ],
            "id": "sg-07415e442f9a145b6",
            "ingress": [
              {
                "cidr_blocks": [],
                "description": "Allow All Connections From VPC",
                "from_port": 0,
                "ipv6_cidr_blocks": [],
                "prefix_list_ids": [],
                "protocol": "-1",
                "security_groups": [],
                "self": true,
                "to_port": 0
              }
            ],
            "name": "windows-private-sg",
            "name_prefix": "",
            "owner_id": "203518068312",
            "revoke_rules_on_delete": false,
            "tags": {
              "Name": "windows-private-sg"
            },
            "tags_all": {
              "Name": "windows-private-sg"
            },
            "timeouts": null,
            "vpc_id": "vpc-0917efaac1a2a05ff"
          },
          "sensitive_attributes": [],
          "private": "eyJlMmJmYjczMC1lY2FhLTExZTYtOGY4OC0zNDM2M2JjN2M0YzAiOnsiY3JlYXRlIjo2MDAwMDAwMDAwMDAsImRlbGV0ZSI6OTAwMDAwMDAwMDAwfSwic2NoZW1hX3ZlcnNpb24iOiIxIn0=",
          "dependencies": [
            "aws_vpc.vpc"
          ]
        }
      ]
    },
    {
      "mode": "managed",
      "type": "aws_security_group",
      "name": "aws-windows-sg",
      "provider": "provider[\"registry.terraform.io/hashicorp/aws\"]",
      "instances": [
        {
          "schema_version": 1,
          "attributes": {
            "arn": "arn:aws:ec2:us-east-2:203518068312:security-group/sg-01d7849985aa1dbba",
            "description": "Allow incoming connections",
            "egress": [
              {
                "cidr_blocks": [
                  "0.0.0.0/0"
                ],
                "description": "",
                "from_port": 0,
                "ipv6_cidr_blocks": [],
                "prefix_list_ids": [],
                "protocol": "-1",
                "security_groups": [],
                "self": false,
                "to_port": 0
              }
            ],
            "id": "sg-01d7849985aa1dbba",
            "ingress": [
              {
                "cidr_blocks": [
                  "0.0.0.0/0"
                ],
                "description": "Allow incoming connections from me",
                "from_port": 0,
                "ipv6_cidr_blocks": [],
                "prefix_list_ids": [],
                "protocol": "-1",
                "security_groups": [],
                "self": false,
                "to_port": 0
              },
              {
                "cidr_blocks": [],
                "description": "Allow All Connections From VPC",
                "from_port": 0,
                "ipv6_cidr_blocks": [],
                "prefix_list_ids": [],
                "protocol": "-1",
                "security_groups": [],
                "self": true,
                "to_port": 0
              }
            ],
            "name": "windows-sg",
            "name_prefix": "",
            "owner_id": "203518068312",
            "revoke_rules_on_delete": false,
            "tags": {
              "Name": "windows-sg"
            },
            "tags_all": {
              "Name": "windows-sg"
            },
            "timeouts": null,
            "vpc_id": "vpc-0917efaac1a2a05ff"
          },
          "sensitive_attributes": [],
          "private": "eyJlMmJmYjczMC1lY2FhLTExZTYtOGY4OC0zNDM2M2JjN2M0YzAiOnsiY3JlYXRlIjo2MDAwMDAwMDAwMDAsImRlbGV0ZSI6OTAwMDAwMDAwMDAwfSwic2NoZW1hX3ZlcnNpb24iOiIxIn0=",
          "dependencies": [
            "aws_vpc.vpc"
          ]
        }
      ]
    },
    {
      "mode": "managed",
      "type": "aws_subnet",
      "name": "private-subnet",
      "provider": "provider[\"registry.terraform.io/hashicorp/aws\"]",
      "instances": [
        {
          "schema_version": 1,
          "attributes": {
            "arn": "arn:aws:ec2:us-east-2:203518068312:subnet/subnet-0d3ef5918a398bca3",
            "assign_ipv6_address_on_creation": false,
            "availability_zone": "us-east-2c",
            "availability_zone_id": "use2-az3",
            "cidr_block": "10.11.2.0/24",
            "customer_owned_ipv4_pool": "",
            "enable_dns64": false,
            "enable_lni_at_device_index": 0,
            "enable_resource_name_dns_a_record_on_launch": false,
            "enable_resource_name_dns_aaaa_record_on_launch": false,
            "id": "subnet-0d3ef5918a398bca3",
            "ipv6_cidr_block": "",
            "ipv6_cidr_block_association_id": "",
            "ipv6_native": false,
            "map_customer_owned_ip_on_launch": false,
            "map_public_ip_on_launch": false,
            "outpost_arn": "",
            "owner_id": "203518068312",
            "private_dns_hostname_type_on_launch": "ip-name",
            "tags": null,
            "tags_all": {},
            "timeouts": null,
            "vpc_id": "vpc-0917efaac1a2a05ff"
          },
          "sensitive_attributes": [],
          "private": "eyJlMmJmYjczMC1lY2FhLTExZTYtOGY4OC0zNDM2M2JjN2M0YzAiOnsiY3JlYXRlIjo2MDAwMDAwMDAwMDAsImRlbGV0ZSI6MTIwMDAwMDAwMDAwMH0sInNjaGVtYV92ZXJzaW9uIjoiMSJ9",
          "dependencies": [
            "aws_vpc.vpc"
          ]
        }
      ]
    },
    {
      "mode": "managed",
      "type": "aws_subnet",
      "name": "public-subnet",
      "provider": "provider[\"registry.terraform.io/hashicorp/aws\"]",
      "instances": [
        {
          "schema_version": 1,
          "attributes": {
            "arn": "arn:aws:ec2:us-east-2:203518068312:subnet/subnet-07829f47d42b9f216",
            "assign_ipv6_address_on_creation": false,
            "availability_zone": "us-east-2c",
            "availability_zone_id": "use2-az3",
            "cidr_block": "10.11.1.0/24",
            "customer_owned_ipv4_pool": "",
            "enable_dns64": false,
            "enable_lni_at_device_index": 0,
            "enable_resource_name_dns_a_record_on_launch": false,
            "enable_resource_name_dns_aaaa_record_on_launch": false,
            "id": "subnet-07829f47d42b9f216",
            "ipv6_cidr_block": "",
            "ipv6_cidr_block_association_id": "",
            "ipv6_native": false,
            "map_customer_owned_ip_on_launch": false,
            "map_public_ip_on_launch": true,
            "outpost_arn": "",
            "owner_id": "203518068312",
            "private_dns_hostname_type_on_launch": "ip-name",
            "tags": null,
            "tags_all": {},
            "timeouts": null,
            "vpc_id": "vpc-0917efaac1a2a05ff"
          },
          "sensitive_attributes": [],
          "private": "eyJlMmJmYjczMC1lY2FhLTExZTYtOGY4OC0zNDM2M2JjN2M0YzAiOnsiY3JlYXRlIjo2MDAwMDAwMDAwMDAsImRlbGV0ZSI6MTIwMDAwMDAwMDAwMH0sInNjaGVtYV92ZXJzaW9uIjoiMSJ9",
          "dependencies": [
            "aws_vpc.vpc"
          ]
        }
      ]
    },
    {
      "mode": "managed",
      "type": "aws_vpc",
      "name": "vpc",
      "provider": "provider[\"registry.terraform.io/hashicorp/aws\"]",
      "instances": [
        {
          "schema_version": 1,
          "attributes": {
            "arn": "arn:aws:ec2:us-east-2:203518068312:vpc/vpc-0917efaac1a2a05ff",
            "assign_generated_ipv6_cidr_block": false,
            "cidr_block": "10.11.0.0/16",
            "default_network_acl_id": "acl-0365df445a3aa1293",
            "default_route_table_id": "rtb-06809c50a199ff3c9",
            "default_security_group_id": "sg-09d6d5ec3c5bcaa65",
            "dhcp_options_id": "dopt-cf872aa6",
            "enable_dns_hostnames": true,
            "enable_dns_support": true,
            "enable_network_address_usage_metrics": false,
            "id": "vpc-0917efaac1a2a05ff",
            "instance_tenancy": "default",
            "ipv4_ipam_pool_id": null,
            "ipv4_netmask_length": null,
            "ipv6_association_id": "",
            "ipv6_cidr_block": "",
            "ipv6_cidr_block_network_border_group": "",
            "ipv6_ipam_pool_id": "",
            "ipv6_netmask_length": 0,
            "main_route_table_id": "rtb-06809c50a199ff3c9",
            "owner_id": "203518068312",
            "tags": {
              "Name": "demo-vpc"
            },
            "tags_all": {
              "Name": "demo-vpc"
            }
          },
          "sensitive_attributes": [],
          "private": "eyJzY2hlbWFfdmVyc2lvbiI6IjEifQ=="
        }
      ]
    },
    {
      "mode": "managed",
      "type": "aws_vpc_dhcp_options",
      "name": "vpc-dhcp-options",
      "provider": "provider[\"registry.terraform.io/hashicorp/aws\"]",
      "instances": [
        {
          "schema_version": 0,
          "attributes": {
            "arn": "arn:aws:ec2:us-east-2:203518068312:dhcp-options/dopt-0b3038c50268df99b",
            "domain_name": "",
            "domain_name_servers": [
              "10.11.1.131"
            ],
            "id": "dopt-0b3038c50268df99b",
            "netbios_name_servers": null,
            "netbios_node_type": "",
            "ntp_servers": null,
            "owner_id": "203518068312",
            "tags": null,
            "tags_all": {}
          },
          "sensitive_attributes": [],
          "private": "bnVsbA==",
          "dependencies": [
            "aws_instance.windows-server-dc",
            "aws_key_pair.key_pair",
            "aws_security_group.aws-windows-sg",
            "aws_subnet.public-subnet",
            "aws_vpc.vpc",
            "data.aws_ami.windows-server",
            "data.template_file.windows-dc-userdata",
            "tls_private_key.key_pair"
          ]
        }
      ]
    },
    {
      "mode": "managed",
      "type": "aws_vpc_dhcp_options_association",
      "name": "dns_resolver",
      "provider": "provider[\"registry.terraform.io/hashicorp/aws\"]",
      "instances": [
        {
          "schema_version": 0,
          "attributes": {
            "dhcp_options_id": "dopt-0b3038c50268df99b",
            "id": "dopt-0b3038c50268df99b-vpc-0917efaac1a2a05ff",
            "vpc_id": "vpc-0917efaac1a2a05ff"
          },
          "sensitive_attributes": [],
          "private": "bnVsbA==",
          "dependencies": [
            "aws_instance.windows-server-dc",
            "aws_key_pair.key_pair",
            "aws_security_group.aws-windows-sg",
            "aws_subnet.public-subnet",
            "aws_vpc.vpc",
            "aws_vpc_dhcp_options.vpc-dhcp-options",
            "data.aws_ami.windows-server",
            "data.template_file.windows-dc-userdata",
            "tls_private_key.key_pair"
          ]
        }
      ]
    },
    {
      "mode": "managed",
      "type": "local_file",
      "name": "ssh_key",
      "provider": "provider[\"registry.terraform.io/hashicorp/local\"]",
      "instances": [
        {
          "schema_version": 0,
          "attributes": {
            "content": "-----BEGIN RSA PRIVATE KEY-----\nMIIJKQIBAAKCAgEA2TKNw+6dWh3/zR5lB485y2CGY02quqrsFTzJaiMBFBKy3/y/\nxco9zevw6qYiFCE/5Qyln5uvNvPQsxtca9I/tSsmAJ5xcizIvXUmWK27e+v8wQSn\nxPiu1N728T+b+bSWVyGP82ytn+WhC54hVkglpmuyL3dRrOF3YOuJ0n8B0tlx7RQP\ngSDzGHFekHuDcAedbtigpDMRHgQys9JSH54KgmaRAfJ006EUvKWnWzvpVDhGQjaD\n1t5uXfh5Ohz7fezXxdBIHWEcP+khsAwY/qFHUqBD/fId7jO1csW42MWJ+bfIitoz\n7DEXeNsL0xMSTgGYXwghHjX9YKaUY2TVPnTYy6HedeswW6Y1AZ/v0X5BXZEZzBP4\n6c3yj14hGuUhqEa/6fNI4d6Y3U10D/Uzk6dqEOeZpBo6HnA6K2I9pD88OdjMTdHd\nawc2dM9lHyiB9NSUe+zf9/ZwpCtxIrGVhdOM1CZ/e+VpMmHe5Orznm45sibPgeUn\n1ToSqG78Hl5SUc1BnyYG4JdAzi4KPDF4754LOQ4SmXj8VlInCBQXixCjXugPTwRb\nOiazBqUHEQjdDA31jpMAFb89P1bWecasKtBfZirSpp/dt6YvcNlPfEz38eAxSw1r\nXai+eUK9O6ptsj9NI+tT0YALqvchu/FWPEhY+H19uGJNocm4jRSnfe+hOssCAwEA\nAQKCAgEA0+eisHppQrbqD3GMGCgAtw/hjZkE7UI9OysnR0oHj1H++tFZONvsGLAN\nSKH1tbYK5KnGHUaDWBXglB4puXhTd6o1VX1AKajP4Sge1X4K4QiIfLjSBjaqPD2c\nqBrrTmCGHVQ9Yb2yV8JtsSwCUm/pa8i++9hp80W2dvTWbmxDlzdXE3ry9YT0J/DT\n1hrrTa3gR3lKoWjBVou5+/9C6F4E2ty+tSucF62c0cC82yJEr0qIIamWT1iMTVpS\nzAPiyiT9D535/c/1A9WsbFohOKyZLV/3dhd2ZCRG70dA5R01VFGecvoYlmP/BoaP\nrst4nGqqAm2oAhWis11SgParplfR+m1hb20ZQHb0IcF8PhbNhNf9T/rOI5ogU0qu\nLMblEgpFDdC2ERVB5Ex1m5TEhxwEuHIXdZoSTAwN6sWWihmWWQ64yjYAKtYGBILg\nVG5ahBfQTD5YqJmVD/A7N8MNGWNnKlx8RdDBGgVuyl98MNUhNH33o/FOBn52Yn1d\nk4ikVWwoRS99XX2FUC/DLxZuDl3PNa6jkG+Yb93ExXz0fL7yclCe84N9NaSZlOKr\nrajkIhw6Eap9Jmp5MrUTVJgSiRwkNZE+XXs4eXqRYpUdJTU3WINHLF+KPrH1A+lI\nZyQO38uiY09pjnYaB0doL6HShDKXDSCoXYQKRK/SCZJsLYvGhYECggEBAPrD6mQN\nxFCGLDzKLks9eGBY7IiqTyPN6jvfQgH7qFk0viPFPpqa6ncllHI4V7zG8E5LQSsd\n0Gprntpgs9iRrIBgOvmOp9rglwNYplv+y7exao0ncSnhKTPXaxFVJMrq0FIqCpWs\nSFrSEyRKrIdDxuLinEVpa8nSKZ/EoHxx0fLCsJ0gz+eiKhu5hxuWdxHz8NM2+CX2\nJwdZPztOfDoky8id2Nx6krU7MWUQJKfFwb2s1LdFtwXNpJdegHOtpZMsSnjb/hao\njVRvxDw0jy00Pm/47Eyd32ReTGpu/X84MjcweX05T0BMY5L5Nk4sYeFVvbyw70Ez\n7s9E5AbBdMbcKXECggEBAN27QKGrVkwB6qYU73+mDHgfqozN0VrWSz7aqia1WKt0\nC4yetkMZaHlZCURcu+Ptd5jfybpwBdVmzvJr9FL/fDR+OxyN27MM4DY1eRvCRBa8\nU8spc+BZLvBRJz3V9R9fOaxdohK1hSejK06NlwsxxtGHlA5Fg+zkrW4eEoJAeBmr\nFG1f62Q5zbTOXaMVnqGoJ++tr9I+cpgvk0DwaoKUONFhhqxqN/CAlleFNyatUqwI\ni9hON42aumqhA4MbV77mY7FfCIYLfc83A3gYd3fkkqUmrMiPO+JRIS1Dl1aqaQpD\n6CD0rH98J4gZHpKcgzZUeYyVw/BV5Yud81Bm5Ih5qfsCggEAfIcIAdG4WIiYtUNt\nw91txuLB64gvrscV98+Btvxi+JGxjo/n69zcbHiUBDiokU11jlveq+utUPvKsgVt\nqjGFKWcgQkeuYYpAU+AVFQAt6DXJhPk+QB7ZWC40tDHFCKOc+gB4qyUX9Un3SYFv\ntehZftgr5Ghap6mfFAEP9VyMdvJpxE3EEPI92PDEAFYzIQ4z3J+ikS9w6DxQo0Hx\nfOpC7Ig+ZhbUff08JUTj/xC8ilWmeLC9F7usbaL3RPrJi5FmFiihQF1JedHa8E7l\nfvw/uVky90U651vQtNYTOrcMcM24tw/bpEGK/TSW3DE8Fit/ApIW7hk9EV7Toes1\n837ncQKCAQAYSC5exg2wSzFwOLC1sPCCoy0hOFTp9rfMzVN+47MvK4ksQCFDnd+0\nEk0SgHlPD61eP3uvAB+TbCvTnoDmKfZnJT/B88MQi6NuLFLz+EVOnBctE4AOHJYo\nWSrL+cdbRSlit+pM1DYdzh+q/ZSB9FSKk6diHLjC05Quj/qE6xx76yFUjQGRO0dM\nuqDEgFSb7XdaJxIvGwmfou4kWW/AlwzV2TFPZl5z5xEPypXslWSNVG5EJOSujDhH\n/xQMYo0sabyXKwoa690+OQ8XMs66gXyRu3eGizEKqsnQVCuZoRXZuvAL09+kImuN\n2vpfIea4p22cOLZ5dl6p+IUx0+LJE1HLAoIBAQD6ohElKtTpKiHstIt2nK2gnowB\njh3OGXFCI7LJ3wiXyTnkjvDhamXJ3WxmxIy3GmF6Cd9lNDd8m3PEBUIbRwBNLLh2\nCpYBnQXTZAYtBCggNOqZuUTpMBw1t6txfCCTnR11oVr2y/CI9ldVcXvhOxjoUmcX\nQvxJnM1oDWPgMTVTy7+CxE9vb8p3py1boLCA7lt4C8n5QDYMwAZLx//0Axjygx4+\n59j0EwciJm3K22DIWaq4dXkF/4Lbc0uA70DqQIqqAxf2DVZxgSwU3H9X6nOLK7h0\nUHKVN2lT6Zd8nH2tSMsoyr5JGB5s8RKn2wHHttuPmIeUX6Bk4l1R6MCXu9yM\n-----END RSA PRIVATE KEY-----\n",
            "content_base64": null,
            "content_base64sha256": "Ot4pmnOC1qmZAHO8fW6dXgG66Dk8XlmsIr67m7G//Zs=",
            "content_base64sha512": "q0avkUWU8ezzPni+Vp87H7od5veKpmIgdK1kNtDAkPN3fd7oEamHjawYDCMJheq69qFHKQYgqossTGTjYpl65Q==",
            "content_md5": "6fde5e9fbd2355684e032528a80b8e41",
            "content_sha1": "ff07d34cc341cdb2f49b1111dc574f0bc71b0aa1",
            "content_sha256": "3ade299a7382d6a9990073bc7d6e9d5e01bae8393c5e59ac22bebb9bb1bffd9b",
            "content_sha512": "ab46af914594f1ecf33e78be569f3b1fba1de6f78aa6622074ad6436d0c090f3777ddee811a9878dac180c230985eabaf6a147290620aa8b2c4c64e362997ae5",
            "directory_permission": "0777",
            "file_permission": "0777",
            "filename": "windows-key-pair.pem",
            "id": "ff07d34cc341cdb2f49b1111dc574f0bc71b0aa1",
            "sensitive_content": null,
            "source": null
          },
          "sensitive_attributes": [
            [
              {
                "type": "get_attr",
                "value": "content"
              }
            ]
          ],
          "dependencies": [
            "aws_key_pair.key_pair",
            "tls_private_key.key_pair"
          ]
        }
      ]
    },
    {
      "mode": "managed",
      "type": "tls_private_key",
      "name": "key_pair",
      "provider": "provider[\"registry.terraform.io/hashicorp/tls\"]",
      "instances": [
        {
          "schema_version": 1,
          "attributes": {
            "algorithm": "RSA",
            "ecdsa_curve": "P224",
            "id": "9d44a81cc7f2a2e5f65a35fb89bd9a5f097beb02",
            "private_key_openssh": "-----BEGIN OPENSSH PRIVATE KEY-----\nb3BlbnNzaC1rZXktdjEAAAAABG5vbmUAAAAEbm9uZQAAAAAAAAABAAACFwAAAAdz\nc2gtcnNhAAAAAwEAAQAAAgEA2TKNw+6dWh3/zR5lB485y2CGY02quqrsFTzJaiMB\nFBKy3/y/xco9zevw6qYiFCE/5Qyln5uvNvPQsxtca9I/tSsmAJ5xcizIvXUmWK27\ne+v8wQSnxPiu1N728T+b+bSWVyGP82ytn+WhC54hVkglpmuyL3dRrOF3YOuJ0n8B\n0tlx7RQPgSDzGHFekHuDcAedbtigpDMRHgQys9JSH54KgmaRAfJ006EUvKWnWzvp\nVDhGQjaD1t5uXfh5Ohz7fezXxdBIHWEcP+khsAwY/qFHUqBD/fId7jO1csW42MWJ\n+bfIitoz7DEXeNsL0xMSTgGYXwghHjX9YKaUY2TVPnTYy6HedeswW6Y1AZ/v0X5B\nXZEZzBP46c3yj14hGuUhqEa/6fNI4d6Y3U10D/Uzk6dqEOeZpBo6HnA6K2I9pD88\nOdjMTdHdawc2dM9lHyiB9NSUe+zf9/ZwpCtxIrGVhdOM1CZ/e+VpMmHe5Orznm45\nsibPgeUn1ToSqG78Hl5SUc1BnyYG4JdAzi4KPDF4754LOQ4SmXj8VlInCBQXixCj\nXugPTwRbOiazBqUHEQjdDA31jpMAFb89P1bWecasKtBfZirSpp/dt6YvcNlPfEz3\n8eAxSw1rXai+eUK9O6ptsj9NI+tT0YALqvchu/FWPEhY+H19uGJNocm4jRSnfe+h\nOssAAAc4Hg5+NB4OfjQAAAAHc3NoLXJzYQAAAgEA2TKNw+6dWh3/zR5lB485y2CG\nY02quqrsFTzJaiMBFBKy3/y/xco9zevw6qYiFCE/5Qyln5uvNvPQsxtca9I/tSsm\nAJ5xcizIvXUmWK27e+v8wQSnxPiu1N728T+b+bSWVyGP82ytn+WhC54hVkglpmuy\nL3dRrOF3YOuJ0n8B0tlx7RQPgSDzGHFekHuDcAedbtigpDMRHgQys9JSH54KgmaR\nAfJ006EUvKWnWzvpVDhGQjaD1t5uXfh5Ohz7fezXxdBIHWEcP+khsAwY/qFHUqBD\n/fId7jO1csW42MWJ+bfIitoz7DEXeNsL0xMSTgGYXwghHjX9YKaUY2TVPnTYy6He\ndeswW6Y1AZ/v0X5BXZEZzBP46c3yj14hGuUhqEa/6fNI4d6Y3U10D/Uzk6dqEOeZ\npBo6HnA6K2I9pD88OdjMTdHdawc2dM9lHyiB9NSUe+zf9/ZwpCtxIrGVhdOM1CZ/\ne+VpMmHe5Orznm45sibPgeUn1ToSqG78Hl5SUc1BnyYG4JdAzi4KPDF4754LOQ4S\nmXj8VlInCBQXixCjXugPTwRbOiazBqUHEQjdDA31jpMAFb89P1bWecasKtBfZirS\npp/dt6YvcNlPfEz38eAxSw1rXai+eUK9O6ptsj9NI+tT0YALqvchu/FWPEhY+H19\nuGJNocm4jRSnfe+hOssAAAADAQABAAACAQDT56KwemlCtuoPcYwYKAC3D+GNmQTt\nQj07KydHSgePUf760Vk42+wYsA1IofW1tgrkqcYdRoNYFeCUHim5eFN3qjVVfUAp\nqM/hKB7VfgrhCIh8uNIGNqo8PZyoGutOYIYdVD1hvbJXwm2xLAJSb+lryL772Gnz\nRbZ29NZubEOXN1cTevL1hPQn8NPWGutNreBHeUqhaMFWi7n7/0LoXgTa3L61K5wX\nrZzRwLzbIkSvSoghqZZPWIxNWlLMA+LKJP0Pnfn9z/UD1axsWiE4rJktX/d2F3Zk\nJEbvR0DlHTVUUZ5y+hiWY/8Gho+uy3icaqoCbagCFaKzXVKA9qumV9H6bWFvbRlA\ndvQhwXw+Fs2E1/1P+s4jmiBTSq4sxuUSCkUN0LYRFUHkTHWblMSHHAS4chd1mhJM\nDA3qxZaKGZZZDrjKNgAq1gYEguBUblqEF9BMPliomZUP8Ds3ww0ZY2cqXHxF0MEa\nBW7KX3ww1SE0ffej8U4GfnZifV2TiKRVbChFL31dfYVQL8MvFm4OXc81rqOQb5hv\n3cTFfPR8vvJyUJ7zg301pJmU4qutqOQiHDoRqn0mankytRNUmBKJHCQ1kT5dezh5\nepFilR0lNTdYg0csX4o+sfUD6UhnJA7fy6JjT2mOdhoHR2gvodKEMpcNIKhdhApE\nr9IJkmwti8aFgQAAAQEA+qIRJSrU6Soh7LSLdpytoJ6MAY4dzhlxQiOyyd8Il8k5\n5I7w4Wplyd1sZsSMtxphegnfZTQ3fJtzxAVCG0cATSy4dgqWAZ0F02QGLQQoIDTq\nmblE6TAcNbercXwgk50ddaFa9svwiPZXVXF74TsY6FJnF0L8SZzNaA1j4DE1U8u/\ngsRPb2/Kd6ctW6CwgO5beAvJ+UA2DMAGS8f/9AMY8oMePufY9BMHIiZtyttgyFmq\nuHV5Bf+C23NLgO9A6kCKqgMX9g1WcYEsFNx/V+pziyu4dFBylTdpU+mXfJx9rUjL\nKMq+SRgebPESp9sBx7bbj5iHlF+gZOJdUejAl7vcjAAAAQEA+sPqZA3EUIYsPMou\nSz14YFjsiKpPI83qO99CAfuoWTS+I8U+mprqdyWUcjhXvMbwTktBKx3Qamue2mCz\n2JGsgGA6+Y6n2uCXA1imW/7Lt7FqjSdxKeEpM9drEVUkyurQUioKlaxIWtITJEqs\nh0PG4uKcRWlrydIpn8SgfHHR8sKwnSDP56IqG7mHG5Z3EfPw0zb4JfYnB1k/O058\nOiTLyJ3Y3HqStTsxZRAkp8XBvazUt0W3Bc2kl16Ac62lkyxKeNv+FqiNVG/EPDSP\nLTQ+b/jsTJ3fZF5Mam79fzgyNzB5fTlPQExjkvk2Tixh4VW9vLDvQTPuz0TkBsF0\nxtwpcQAAAQEA3btAoatWTAHqphTvf6YMeB+qjM3RWtZLPtqqJrVYq3QLjJ62Qxlo\neVkJRFy74+13mN/JunAF1WbO8mv0Uv98NH47HI3bswzgNjV5G8JEFrxTyylz4Fku\n8FEnPdX1H185rF2iErWFJ6MrTo2XCzHG0YeUDkWD7OStbh4SgkB4GasUbV/rZDnN\ntM5doxWeoagn762v0j5ymC+TQPBqgpQ40WGGrGo38ICWV4U3Jq1SrAiL2E43jZq6\naqEDgxtXvuZjsV8Ihgt9zzcDeBh3d+SSpSasyI874lEhLUOXVqppCkPoIPSsf3wn\niBkekpyDNlR5jJXD8FXli53zUGbkiHmp+wAAAAAB\n-----END OPENSSH PRIVATE KEY-----\n",
            "private_key_pem": "-----BEGIN RSA PRIVATE KEY-----\nMIIJKQIBAAKCAgEA2TKNw+6dWh3/zR5lB485y2CGY02quqrsFTzJaiMBFBKy3/y/\nxco9zevw6qYiFCE/5Qyln5uvNvPQsxtca9I/tSsmAJ5xcizIvXUmWK27e+v8wQSn\nxPiu1N728T+b+bSWVyGP82ytn+WhC54hVkglpmuyL3dRrOF3YOuJ0n8B0tlx7RQP\ngSDzGHFekHuDcAedbtigpDMRHgQys9JSH54KgmaRAfJ006EUvKWnWzvpVDhGQjaD\n1t5uXfh5Ohz7fezXxdBIHWEcP+khsAwY/qFHUqBD/fId7jO1csW42MWJ+bfIitoz\n7DEXeNsL0xMSTgGYXwghHjX9YKaUY2TVPnTYy6HedeswW6Y1AZ/v0X5BXZEZzBP4\n6c3yj14hGuUhqEa/6fNI4d6Y3U10D/Uzk6dqEOeZpBo6HnA6K2I9pD88OdjMTdHd\nawc2dM9lHyiB9NSUe+zf9/ZwpCtxIrGVhdOM1CZ/e+VpMmHe5Orznm45sibPgeUn\n1ToSqG78Hl5SUc1BnyYG4JdAzi4KPDF4754LOQ4SmXj8VlInCBQXixCjXugPTwRb\nOiazBqUHEQjdDA31jpMAFb89P1bWecasKtBfZirSpp/dt6YvcNlPfEz38eAxSw1r\nXai+eUK9O6ptsj9NI+tT0YALqvchu/FWPEhY+H19uGJNocm4jRSnfe+hOssCAwEA\nAQKCAgEA0+eisHppQrbqD3GMGCgAtw/hjZkE7UI9OysnR0oHj1H++tFZONvsGLAN\nSKH1tbYK5KnGHUaDWBXglB4puXhTd6o1VX1AKajP4Sge1X4K4QiIfLjSBjaqPD2c\nqBrrTmCGHVQ9Yb2yV8JtsSwCUm/pa8i++9hp80W2dvTWbmxDlzdXE3ry9YT0J/DT\n1hrrTa3gR3lKoWjBVou5+/9C6F4E2ty+tSucF62c0cC82yJEr0qIIamWT1iMTVpS\nzAPiyiT9D535/c/1A9WsbFohOKyZLV/3dhd2ZCRG70dA5R01VFGecvoYlmP/BoaP\nrst4nGqqAm2oAhWis11SgParplfR+m1hb20ZQHb0IcF8PhbNhNf9T/rOI5ogU0qu\nLMblEgpFDdC2ERVB5Ex1m5TEhxwEuHIXdZoSTAwN6sWWihmWWQ64yjYAKtYGBILg\nVG5ahBfQTD5YqJmVD/A7N8MNGWNnKlx8RdDBGgVuyl98MNUhNH33o/FOBn52Yn1d\nk4ikVWwoRS99XX2FUC/DLxZuDl3PNa6jkG+Yb93ExXz0fL7yclCe84N9NaSZlOKr\nrajkIhw6Eap9Jmp5MrUTVJgSiRwkNZE+XXs4eXqRYpUdJTU3WINHLF+KPrH1A+lI\nZyQO38uiY09pjnYaB0doL6HShDKXDSCoXYQKRK/SCZJsLYvGhYECggEBAPrD6mQN\nxFCGLDzKLks9eGBY7IiqTyPN6jvfQgH7qFk0viPFPpqa6ncllHI4V7zG8E5LQSsd\n0Gprntpgs9iRrIBgOvmOp9rglwNYplv+y7exao0ncSnhKTPXaxFVJMrq0FIqCpWs\nSFrSEyRKrIdDxuLinEVpa8nSKZ/EoHxx0fLCsJ0gz+eiKhu5hxuWdxHz8NM2+CX2\nJwdZPztOfDoky8id2Nx6krU7MWUQJKfFwb2s1LdFtwXNpJdegHOtpZMsSnjb/hao\njVRvxDw0jy00Pm/47Eyd32ReTGpu/X84MjcweX05T0BMY5L5Nk4sYeFVvbyw70Ez\n7s9E5AbBdMbcKXECggEBAN27QKGrVkwB6qYU73+mDHgfqozN0VrWSz7aqia1WKt0\nC4yetkMZaHlZCURcu+Ptd5jfybpwBdVmzvJr9FL/fDR+OxyN27MM4DY1eRvCRBa8\nU8spc+BZLvBRJz3V9R9fOaxdohK1hSejK06NlwsxxtGHlA5Fg+zkrW4eEoJAeBmr\nFG1f62Q5zbTOXaMVnqGoJ++tr9I+cpgvk0DwaoKUONFhhqxqN/CAlleFNyatUqwI\ni9hON42aumqhA4MbV77mY7FfCIYLfc83A3gYd3fkkqUmrMiPO+JRIS1Dl1aqaQpD\n6CD0rH98J4gZHpKcgzZUeYyVw/BV5Yud81Bm5Ih5qfsCggEAfIcIAdG4WIiYtUNt\nw91txuLB64gvrscV98+Btvxi+JGxjo/n69zcbHiUBDiokU11jlveq+utUPvKsgVt\nqjGFKWcgQkeuYYpAU+AVFQAt6DXJhPk+QB7ZWC40tDHFCKOc+gB4qyUX9Un3SYFv\ntehZftgr5Ghap6mfFAEP9VyMdvJpxE3EEPI92PDEAFYzIQ4z3J+ikS9w6DxQo0Hx\nfOpC7Ig+ZhbUff08JUTj/xC8ilWmeLC9F7usbaL3RPrJi5FmFiihQF1JedHa8E7l\nfvw/uVky90U651vQtNYTOrcMcM24tw/bpEGK/TSW3DE8Fit/ApIW7hk9EV7Toes1\n837ncQKCAQAYSC5exg2wSzFwOLC1sPCCoy0hOFTp9rfMzVN+47MvK4ksQCFDnd+0\nEk0SgHlPD61eP3uvAB+TbCvTnoDmKfZnJT/B88MQi6NuLFLz+EVOnBctE4AOHJYo\nWSrL+cdbRSlit+pM1DYdzh+q/ZSB9FSKk6diHLjC05Quj/qE6xx76yFUjQGRO0dM\nuqDEgFSb7XdaJxIvGwmfou4kWW/AlwzV2TFPZl5z5xEPypXslWSNVG5EJOSujDhH\n/xQMYo0sabyXKwoa690+OQ8XMs66gXyRu3eGizEKqsnQVCuZoRXZuvAL09+kImuN\n2vpfIea4p22cOLZ5dl6p+IUx0+LJE1HLAoIBAQD6ohElKtTpKiHstIt2nK2gnowB\njh3OGXFCI7LJ3wiXyTnkjvDhamXJ3WxmxIy3GmF6Cd9lNDd8m3PEBUIbRwBNLLh2\nCpYBnQXTZAYtBCggNOqZuUTpMBw1t6txfCCTnR11oVr2y/CI9ldVcXvhOxjoUmcX\nQvxJnM1oDWPgMTVTy7+CxE9vb8p3py1boLCA7lt4C8n5QDYMwAZLx//0Axjygx4+\n59j0EwciJm3K22DIWaq4dXkF/4Lbc0uA70DqQIqqAxf2DVZxgSwU3H9X6nOLK7h0\nUHKVN2lT6Zd8nH2tSMsoyr5JGB5s8RKn2wHHttuPmIeUX6Bk4l1R6MCXu9yM\n-----END RSA PRIVATE KEY-----\n",
            "private_key_pem_pkcs8": "-----BEGIN PRIVATE KEY-----\nMIIJQwIBADANBgkqhkiG9w0BAQEFAASCCS0wggkpAgEAAoICAQDZMo3D7p1aHf/N\nHmUHjznLYIZjTaq6quwVPMlqIwEUErLf/L/Fyj3N6/DqpiIUIT/lDKWfm68289Cz\nG1xr0j+1KyYAnnFyLMi9dSZYrbt76/zBBKfE+K7U3vbxP5v5tJZXIY/zbK2f5aEL\nniFWSCWma7Ivd1Gs4Xdg64nSfwHS2XHtFA+BIPMYcV6Qe4NwB51u2KCkMxEeBDKz\n0lIfngqCZpEB8nTToRS8padbO+lUOEZCNoPW3m5d+Hk6HPt97NfF0EgdYRw/6SGw\nDBj+oUdSoEP98h3uM7VyxbjYxYn5t8iK2jPsMRd42wvTExJOAZhfCCEeNf1gppRj\nZNU+dNjLod516zBbpjUBn+/RfkFdkRnME/jpzfKPXiEa5SGoRr/p80jh3pjdTXQP\n9TOTp2oQ55mkGjoecDorYj2kPzw52MxN0d1rBzZ0z2UfKIH01JR77N/39nCkK3Ei\nsZWF04zUJn975WkyYd7k6vOebjmyJs+B5SfVOhKobvweXlJRzUGfJgbgl0DOLgo8\nMXjvngs5DhKZePxWUicIFBeLEKNe6A9PBFs6JrMGpQcRCN0MDfWOkwAVvz0/VtZ5\nxqwq0F9mKtKmn923pi9w2U98TPfx4DFLDWtdqL55Qr07qm2yP00j61PRgAuq9yG7\n8VY8SFj4fX24Yk2hybiNFKd976E6ywIDAQABAoICAQDT56KwemlCtuoPcYwYKAC3\nD+GNmQTtQj07KydHSgePUf760Vk42+wYsA1IofW1tgrkqcYdRoNYFeCUHim5eFN3\nqjVVfUApqM/hKB7VfgrhCIh8uNIGNqo8PZyoGutOYIYdVD1hvbJXwm2xLAJSb+lr\nyL772GnzRbZ29NZubEOXN1cTevL1hPQn8NPWGutNreBHeUqhaMFWi7n7/0LoXgTa\n3L61K5wXrZzRwLzbIkSvSoghqZZPWIxNWlLMA+LKJP0Pnfn9z/UD1axsWiE4rJkt\nX/d2F3ZkJEbvR0DlHTVUUZ5y+hiWY/8Gho+uy3icaqoCbagCFaKzXVKA9qumV9H6\nbWFvbRlAdvQhwXw+Fs2E1/1P+s4jmiBTSq4sxuUSCkUN0LYRFUHkTHWblMSHHAS4\nchd1mhJMDA3qxZaKGZZZDrjKNgAq1gYEguBUblqEF9BMPliomZUP8Ds3ww0ZY2cq\nXHxF0MEaBW7KX3ww1SE0ffej8U4GfnZifV2TiKRVbChFL31dfYVQL8MvFm4OXc81\nrqOQb5hv3cTFfPR8vvJyUJ7zg301pJmU4qutqOQiHDoRqn0mankytRNUmBKJHCQ1\nkT5dezh5epFilR0lNTdYg0csX4o+sfUD6UhnJA7fy6JjT2mOdhoHR2gvodKEMpcN\nIKhdhApEr9IJkmwti8aFgQKCAQEA+sPqZA3EUIYsPMouSz14YFjsiKpPI83qO99C\nAfuoWTS+I8U+mprqdyWUcjhXvMbwTktBKx3Qamue2mCz2JGsgGA6+Y6n2uCXA1im\nW/7Lt7FqjSdxKeEpM9drEVUkyurQUioKlaxIWtITJEqsh0PG4uKcRWlrydIpn8Sg\nfHHR8sKwnSDP56IqG7mHG5Z3EfPw0zb4JfYnB1k/O058OiTLyJ3Y3HqStTsxZRAk\np8XBvazUt0W3Bc2kl16Ac62lkyxKeNv+FqiNVG/EPDSPLTQ+b/jsTJ3fZF5Mam79\nfzgyNzB5fTlPQExjkvk2Tixh4VW9vLDvQTPuz0TkBsF0xtwpcQKCAQEA3btAoatW\nTAHqphTvf6YMeB+qjM3RWtZLPtqqJrVYq3QLjJ62QxloeVkJRFy74+13mN/JunAF\n1WbO8mv0Uv98NH47HI3bswzgNjV5G8JEFrxTyylz4Fku8FEnPdX1H185rF2iErWF\nJ6MrTo2XCzHG0YeUDkWD7OStbh4SgkB4GasUbV/rZDnNtM5doxWeoagn762v0j5y\nmC+TQPBqgpQ40WGGrGo38ICWV4U3Jq1SrAiL2E43jZq6aqEDgxtXvuZjsV8Ihgt9\nzzcDeBh3d+SSpSasyI874lEhLUOXVqppCkPoIPSsf3wniBkekpyDNlR5jJXD8FXl\ni53zUGbkiHmp+wKCAQB8hwgB0bhYiJi1Q23D3W3G4sHriC+uxxX3z4G2/GL4kbGO\nj+fr3NxseJQEOKiRTXWOW96r661Q+8qyBW2qMYUpZyBCR65hikBT4BUVAC3oNcmE\n+T5AHtlYLjS0McUIo5z6AHirJRf1SfdJgW+16Fl+2CvkaFqnqZ8UAQ/1XIx28mnE\nTcQQ8j3Y8MQAVjMhDjPcn6KRL3DoPFCjQfF86kLsiD5mFtR9/TwlROP/ELyKVaZ4\nsL0Xu6xtovdE+smLkWYWKKFAXUl50drwTuV+/D+5WTL3RTrnW9C01hM6twxwzbi3\nD9ukQYr9NJbcMTwWK38CkhbuGT0RXtOh6zXzfudxAoIBABhILl7GDbBLMXA4sLWw\n8IKjLSE4VOn2t8zNU37jsy8riSxAIUOd37QSTRKAeU8PrV4/e68AH5NsK9OegOYp\n9mclP8HzwxCLo24sUvP4RU6cFy0TgA4clihZKsv5x1tFKWK36kzUNh3OH6r9lIH0\nVIqTp2IcuMLTlC6P+oTrHHvrIVSNAZE7R0y6oMSAVJvtd1onEi8bCZ+i7iRZb8CX\nDNXZMU9mXnPnEQ/KleyVZI1UbkQk5K6MOEf/FAxijSxpvJcrChrr3T45DxcyzrqB\nfJG7d4aLMQqqydBUK5mhFdm68AvT36Qia43a+l8h5rinbZw4tnl2Xqn4hTHT4skT\nUcsCggEBAPqiESUq1OkqIey0i3acraCejAGOHc4ZcUIjssnfCJfJOeSO8OFqZcnd\nbGbEjLcaYXoJ32U0N3ybc8QFQhtHAE0suHYKlgGdBdNkBi0EKCA06pm5ROkwHDW3\nq3F8IJOdHXWhWvbL8Ij2V1Vxe+E7GOhSZxdC/EmczWgNY+AxNVPLv4LET29vynen\nLVugsIDuW3gLyflANgzABkvH//QDGPKDHj7n2PQTByImbcrbYMhZqrh1eQX/gttz\nS4DvQOpAiqoDF/YNVnGBLBTcf1fqc4sruHRQcpU3aVPpl3ycfa1IyyjKvkkYHmzx\nEqfbAce224+Yh5RfoGTiXVHowJe73Iw=\n-----END PRIVATE KEY-----\n",
            "public_key_fingerprint_md5": "58:44:fe:d3:e3:57:d4:43:51:40:a5:66:23:40:2f:4b",
            "public_key_fingerprint_sha256": "SHA256:DJRL5BdniTQokpGHTrNBCYlgRoNeUx76W+r4dfy2Wcw",
            "public_key_openssh": "ssh-rsa AAAAB3NzaC1yc2EAAAADAQABAAACAQDZMo3D7p1aHf/NHmUHjznLYIZjTaq6quwVPMlqIwEUErLf/L/Fyj3N6/DqpiIUIT/lDKWfm68289CzG1xr0j+1KyYAnnFyLMi9dSZYrbt76/zBBKfE+K7U3vbxP5v5tJZXIY/zbK2f5aELniFWSCWma7Ivd1Gs4Xdg64nSfwHS2XHtFA+BIPMYcV6Qe4NwB51u2KCkMxEeBDKz0lIfngqCZpEB8nTToRS8padbO+lUOEZCNoPW3m5d+Hk6HPt97NfF0EgdYRw/6SGwDBj+oUdSoEP98h3uM7VyxbjYxYn5t8iK2jPsMRd42wvTExJOAZhfCCEeNf1gppRjZNU+dNjLod516zBbpjUBn+/RfkFdkRnME/jpzfKPXiEa5SGoRr/p80jh3pjdTXQP9TOTp2oQ55mkGjoecDorYj2kPzw52MxN0d1rBzZ0z2UfKIH01JR77N/39nCkK3EisZWF04zUJn975WkyYd7k6vOebjmyJs+B5SfVOhKobvweXlJRzUGfJgbgl0DOLgo8MXjvngs5DhKZePxWUicIFBeLEKNe6A9PBFs6JrMGpQcRCN0MDfWOkwAVvz0/VtZ5xqwq0F9mKtKmn923pi9w2U98TPfx4DFLDWtdqL55Qr07qm2yP00j61PRgAuq9yG78VY8SFj4fX24Yk2hybiNFKd976E6yw==\n",
            "public_key_pem": "-----BEGIN PUBLIC KEY-----\nMIICIjANBgkqhkiG9w0BAQEFAAOCAg8AMIICCgKCAgEA2TKNw+6dWh3/zR5lB485\ny2CGY02quqrsFTzJaiMBFBKy3/y/xco9zevw6qYiFCE/5Qyln5uvNvPQsxtca9I/\ntSsmAJ5xcizIvXUmWK27e+v8wQSnxPiu1N728T+b+bSWVyGP82ytn+WhC54hVkgl\npmuyL3dRrOF3YOuJ0n8B0tlx7RQPgSDzGHFekHuDcAedbtigpDMRHgQys9JSH54K\ngmaRAfJ006EUvKWnWzvpVDhGQjaD1t5uXfh5Ohz7fezXxdBIHWEcP+khsAwY/qFH\nUqBD/fId7jO1csW42MWJ+bfIitoz7DEXeNsL0xMSTgGYXwghHjX9YKaUY2TVPnTY\ny6HedeswW6Y1AZ/v0X5BXZEZzBP46c3yj14hGuUhqEa/6fNI4d6Y3U10D/Uzk6dq\nEOeZpBo6HnA6K2I9pD88OdjMTdHdawc2dM9lHyiB9NSUe+zf9/ZwpCtxIrGVhdOM\n1CZ/e+VpMmHe5Orznm45sibPgeUn1ToSqG78Hl5SUc1BnyYG4JdAzi4KPDF4754L\nOQ4SmXj8VlInCBQXixCjXugPTwRbOiazBqUHEQjdDA31jpMAFb89P1bWecasKtBf\nZirSpp/dt6YvcNlPfEz38eAxSw1rXai+eUK9O6ptsj9NI+tT0YALqvchu/FWPEhY\n+H19uGJNocm4jRSnfe+hOssCAwEAAQ==\n-----END PUBLIC KEY-----\n",
            "rsa_bits": 4096
          },
          "sensitive_attributes": []
        }
      ]
    }
  ],
  "check_results": null
}
