{
  "version": 4,
  "terraform_version": "1.5.7",
  "serial": 65,
  "lineage": "dbe848b6-ecf0-94cb-8eb6-5f132dba9881",
  "outputs": {
    "dc_public_ips": {
      "value": "3.17.4.13",
      "type": "string"
    },
    "password_decrypted": {
      "value": "e.2vBWC*-1MznO2bgwOyT!a!AAD@Ix?w",
      "type": "string",
      "sensitive": true
    },
    "windows_server_member_public_ip_0": {
      "value": "3.21.126.135",
      "type": "string"
    }
  },
  "resources": [
    {
      "mode": "data",
      "type": "aws_ami",
      "name": "windows-member-server",
      "provider": "provider[\"registry.terraform.io/hashicorp/aws\"]",
      "instances": [
        {
          "schema_version": 0,
          "attributes": {
            "architecture": "x86_64",
            "arn": "arn:aws:ec2:us-east-2::image/ami-0caa6784ed30b62c4",
            "block_device_mappings": [
              {
                "device_name": "/dev/sda1",
                "ebs": {
                  "delete_on_termination": "true",
                  "encrypted": "false",
                  "iops": "0",
                  "snapshot_id": "snap-0fb93802df4757035",
                  "throughput": "0",
                  "volume_size": "30",
                  "volume_type": "gp2"
                },
                "no_device": "",
                "virtual_name": ""
              },
              {
                "device_name": "xvdca",
                "ebs": {},
                "no_device": "",
                "virtual_name": "ephemeral0"
              },
              {
                "device_name": "xvdcb",
                "ebs": {},
                "no_device": "",
                "virtual_name": "ephemeral1"
              },
              {
                "device_name": "xvdcc",
                "ebs": {},
                "no_device": "",
                "virtual_name": "ephemeral2"
              },
              {
                "device_name": "xvdcd",
                "ebs": {},
                "no_device": "",
                "virtual_name": "ephemeral3"
              },
              {
                "device_name": "xvdce",
                "ebs": {},
                "no_device": "",
                "virtual_name": "ephemeral4"
              },
              {
                "device_name": "xvdcf",
                "ebs": {},
                "no_device": "",
                "virtual_name": "ephemeral5"
              },
              {
                "device_name": "xvdcg",
                "ebs": {},
                "no_device": "",
                "virtual_name": "ephemeral6"
              },
              {
                "device_name": "xvdch",
                "ebs": {},
                "no_device": "",
                "virtual_name": "ephemeral7"
              },
              {
                "device_name": "xvdci",
                "ebs": {},
                "no_device": "",
                "virtual_name": "ephemeral8"
              },
              {
                "device_name": "xvdcj",
                "ebs": {},
                "no_device": "",
                "virtual_name": "ephemeral9"
              },
              {
                "device_name": "xvdck",
                "ebs": {},
                "no_device": "",
                "virtual_name": "ephemeral10"
              },
              {
                "device_name": "xvdcl",
                "ebs": {},
                "no_device": "",
                "virtual_name": "ephemeral11"
              },
              {
                "device_name": "xvdcm",
                "ebs": {},
                "no_device": "",
                "virtual_name": "ephemeral12"
              },
              {
                "device_name": "xvdcn",
                "ebs": {},
                "no_device": "",
                "virtual_name": "ephemeral13"
              },
              {
                "device_name": "xvdco",
                "ebs": {},
                "no_device": "",
                "virtual_name": "ephemeral14"
              },
              {
                "device_name": "xvdcp",
                "ebs": {},
                "no_device": "",
                "virtual_name": "ephemeral15"
              },
              {
                "device_name": "xvdcq",
                "ebs": {},
                "no_device": "",
                "virtual_name": "ephemeral16"
              },
              {
                "device_name": "xvdcr",
                "ebs": {},
                "no_device": "",
                "virtual_name": "ephemeral17"
              },
              {
                "device_name": "xvdcs",
                "ebs": {},
                "no_device": "",
                "virtual_name": "ephemeral18"
              },
              {
                "device_name": "xvdct",
                "ebs": {},
                "no_device": "",
                "virtual_name": "ephemeral19"
              },
              {
                "device_name": "xvdcu",
                "ebs": {},
                "no_device": "",
                "virtual_name": "ephemeral20"
              },
              {
                "device_name": "xvdcv",
                "ebs": {},
                "no_device": "",
                "virtual_name": "ephemeral21"
              },
              {
                "device_name": "xvdcw",
                "ebs": {},
                "no_device": "",
                "virtual_name": "ephemeral22"
              },
              {
                "device_name": "xvdcx",
                "ebs": {},
                "no_device": "",
                "virtual_name": "ephemeral23"
              },
              {
                "device_name": "xvdcy",
                "ebs": {},
                "no_device": "",
                "virtual_name": "ephemeral24"
              },
              {
                "device_name": "xvdcz",
                "ebs": {},
                "no_device": "",
                "virtual_name": "ephemeral25"
              }
            ],
            "boot_mode": "",
            "creation_date": "2024-04-10T05:45:20.000Z",
            "deprecation_time": "2026-04-10T05:45:20.000Z",
            "description": "Microsoft Windows Server 2022 Full Locale English AMI provided by Amazon",
            "ena_support": true,
            "executable_users": null,
            "filter": [
              {
                "name": "name",
                "values": [
                  "Windows_Server-2022-English-Full-Base*"
                ]
              }
            ],
            "hypervisor": "xen",
            "id": "ami-0caa6784ed30b62c4",
            "image_id": "ami-0caa6784ed30b62c4",
            "image_location": "amazon/Windows_Server-2022-English-Full-Base-2024.04.10",
            "image_owner_alias": "amazon",
            "image_type": "machine",
            "imds_support": "",
            "include_deprecated": false,
            "kernel_id": "",
            "most_recent": true,
            "name": "Windows_Server-2022-English-Full-Base-2024.04.10",
            "name_regex": null,
            "owner_id": "801119661308",
            "owners": [
              "amazon"
            ],
            "platform": "windows",
            "platform_details": "Windows",
            "product_codes": [],
            "public": true,
            "ramdisk_id": "",
            "root_device_name": "/dev/sda1",
            "root_device_type": "ebs",
            "root_snapshot_id": "snap-0fb93802df4757035",
            "sriov_net_support": "simple",
            "state": "available",
            "state_reason": {
              "code": "UNSET",
              "message": "UNSET"
            },
            "tags": {},
            "timeouts": null,
            "tpm_support": "",
            "usage_operation": "RunInstances:0002",
            "virtualization_type": "hvm"
          },
          "sensitive_attributes": []
        }
      ]
    },
    {
      "mode": "data",
      "type": "aws_ami",
      "name": "windows-server",
      "provider": "provider[\"registry.terraform.io/hashicorp/aws\"]",
      "instances": [
        {
          "schema_version": 0,
          "attributes": {
            "architecture": "x86_64",
            "arn": "arn:aws:ec2:us-east-2::image/ami-040659f19dd333555",
            "block_device_mappings": [
              {
                "device_name": "/dev/sda1",
                "ebs": {
                  "delete_on_termination": "true",
                  "encrypted": "false",
                  "iops": "0",
                  "snapshot_id": "snap-0050a7b881b011749",
                  "throughput": "0",
                  "volume_size": "30",
                  "volume_type": "gp2"
                },
                "no_device": "",
                "virtual_name": ""
              },
              {
                "device_name": "xvdca",
                "ebs": {},
                "no_device": "",
                "virtual_name": "ephemeral0"
              },
              {
                "device_name": "xvdcb",
                "ebs": {},
                "no_device": "",
                "virtual_name": "ephemeral1"
              },
              {
                "device_name": "xvdcc",
                "ebs": {},
                "no_device": "",
                "virtual_name": "ephemeral2"
              },
              {
                "device_name": "xvdcd",
                "ebs": {},
                "no_device": "",
                "virtual_name": "ephemeral3"
              },
              {
                "device_name": "xvdce",
                "ebs": {},
                "no_device": "",
                "virtual_name": "ephemeral4"
              },
              {
                "device_name": "xvdcf",
                "ebs": {},
                "no_device": "",
                "virtual_name": "ephemeral5"
              },
              {
                "device_name": "xvdcg",
                "ebs": {},
                "no_device": "",
                "virtual_name": "ephemeral6"
              },
              {
                "device_name": "xvdch",
                "ebs": {},
                "no_device": "",
                "virtual_name": "ephemeral7"
              },
              {
                "device_name": "xvdci",
                "ebs": {},
                "no_device": "",
                "virtual_name": "ephemeral8"
              },
              {
                "device_name": "xvdcj",
                "ebs": {},
                "no_device": "",
                "virtual_name": "ephemeral9"
              },
              {
                "device_name": "xvdck",
                "ebs": {},
                "no_device": "",
                "virtual_name": "ephemeral10"
              },
              {
                "device_name": "xvdcl",
                "ebs": {},
                "no_device": "",
                "virtual_name": "ephemeral11"
              },
              {
                "device_name": "xvdcm",
                "ebs": {},
                "no_device": "",
                "virtual_name": "ephemeral12"
              },
              {
                "device_name": "xvdcn",
                "ebs": {},
                "no_device": "",
                "virtual_name": "ephemeral13"
              },
              {
                "device_name": "xvdco",
                "ebs": {},
                "no_device": "",
                "virtual_name": "ephemeral14"
              },
              {
                "device_name": "xvdcp",
                "ebs": {},
                "no_device": "",
                "virtual_name": "ephemeral15"
              },
              {
                "device_name": "xvdcq",
                "ebs": {},
                "no_device": "",
                "virtual_name": "ephemeral16"
              },
              {
                "device_name": "xvdcr",
                "ebs": {},
                "no_device": "",
                "virtual_name": "ephemeral17"
              },
              {
                "device_name": "xvdcs",
                "ebs": {},
                "no_device": "",
                "virtual_name": "ephemeral18"
              },
              {
                "device_name": "xvdct",
                "ebs": {},
                "no_device": "",
                "virtual_name": "ephemeral19"
              },
              {
                "device_name": "xvdcu",
                "ebs": {},
                "no_device": "",
                "virtual_name": "ephemeral20"
              },
              {
                "device_name": "xvdcv",
                "ebs": {},
                "no_device": "",
                "virtual_name": "ephemeral21"
              },
              {
                "device_name": "xvdcw",
                "ebs": {},
                "no_device": "",
                "virtual_name": "ephemeral22"
              },
              {
                "device_name": "xvdcx",
                "ebs": {},
                "no_device": "",
                "virtual_name": "ephemeral23"
              },
              {
                "device_name": "xvdcy",
                "ebs": {},
                "no_device": "",
                "virtual_name": "ephemeral24"
              },
              {
                "device_name": "xvdcz",
                "ebs": {},
                "no_device": "",
                "virtual_name": "ephemeral25"
              }
            ],
            "boot_mode": "",
            "creation_date": "2024-04-10T05:33:22.000Z",
            "deprecation_time": "2026-04-10T05:33:22.000Z",
            "description": "Microsoft Windows Server 2022 Core Locale English AMI provided by Amazon",
            "ena_support": true,
            "executable_users": null,
            "filter": [
              {
                "name": "name",
                "values": [
                  "Windows_Server-2022-English-Core-Base*"
                ]
              }
            ],
            "hypervisor": "xen",
            "id": "ami-040659f19dd333555",
            "image_id": "ami-040659f19dd333555",
            "image_location": "amazon/Windows_Server-2022-English-Core-Base-2024.04.10",
            "image_owner_alias": "amazon",
            "image_type": "machine",
            "imds_support": "",
            "include_deprecated": false,
            "kernel_id": "",
            "most_recent": true,
            "name": "Windows_Server-2022-English-Core-Base-2024.04.10",
            "name_regex": null,
            "owner_id": "801119661308",
            "owners": [
              "amazon"
            ],
            "platform": "windows",
            "platform_details": "Windows",
            "product_codes": [],
            "public": true,
            "ramdisk_id": "",
            "root_device_name": "/dev/sda1",
            "root_device_type": "ebs",
            "root_snapshot_id": "snap-0050a7b881b011749",
            "sriov_net_support": "simple",
            "state": "available",
            "state_reason": {
              "code": "UNSET",
              "message": "UNSET"
            },
            "tags": {},
            "timeouts": null,
            "tpm_support": "",
            "usage_operation": "RunInstances:0002",
            "virtualization_type": "hvm"
          },
          "sensitive_attributes": []
        }
      ]
    },
    {
      "mode": "data",
      "type": "template_file",
      "name": "windows-dc-userdata",
      "provider": "provider[\"registry.terraform.io/hashicorp/template\"]",
      "instances": [
        {
          "schema_version": 0,
          "attributes": {
            "filename": null,
            "id": "e0e567c126f8798100a592367d62fe361513aa3383fc3588af3ac8d722c6b6f7",
            "rendered": "\u003cpowershell\u003e\nnet user Administrator \"ab12.cd34.xy56\"\n$Password = ConvertTo-SecureString \"ab12.cd34.xy56\" -AsPlainText -Force;\nAdd-WindowsFeature AD-Domain-Services -IncludeManagementTools\nInstall-ADDSForest -CreateDnsDelegation:$false -DatabasePath C:\\Windows\\NTDS -DomainMode WinThreshold -DomainName crit.nessdemo.local -DomainNetbiosName ADFS -ForestMode WinThreshold -InstallDns:$true -LogPath C:\\Windows\\NTDS -NoRebootOnCompletion:$true -SafeModeAdministratorPassword $Password -SysvolPath C:\\Windows\\SYSVOL -Force:$true;\n\nRestart-Computer;\n\n\u003c/powershell\u003e\n",
            "template": "\u003cpowershell\u003e\nnet user Administrator \"ab12.cd34.xy56\"\n$Password = ConvertTo-SecureString \"ab12.cd34.xy56\" -AsPlainText -Force;\nAdd-WindowsFeature AD-Domain-Services -IncludeManagementTools\nInstall-ADDSForest -CreateDnsDelegation:$false -DatabasePath C:\\Windows\\NTDS -DomainMode WinThreshold -DomainName crit.nessdemo.local -DomainNetbiosName ADFS -ForestMode WinThreshold -InstallDns:$true -LogPath C:\\Windows\\NTDS -NoRebootOnCompletion:$true -SafeModeAdministratorPassword $Password -SysvolPath C:\\Windows\\SYSVOL -Force:$true;\n\nRestart-Computer;\n\n\u003c/powershell\u003e\n",
            "vars": null
          },
          "sensitive_attributes": []
        }
      ]
    },
    {
      "mode": "data",
      "type": "template_file",
      "name": "windows-member-userdata",
      "provider": "provider[\"registry.terraform.io/hashicorp/template\"]",
      "instances": [
        {
          "schema_version": 0,
          "attributes": {
            "filename": null,
            "id": "e410ef582783fe1849e3014b3edea07be32f26185a840ddbf7531e0c09feb9bd",
            "rendered": "\u003cpowershell\u003e\n\nSet-ExecutionPolicy unrestricted -Force\n\nnet user Administrator \"ab12.cd34.xy56\"\n$domain = (Get-WmiObject win32_computersystem).Domain\n$hostname = hostname\n$domain_username = \"crit.nessdemo.local\\Administrator\"\n$domain_password = ConvertTo-SecureString \"ab12.cd34.xy56\" -AsPlainText -Force\n$credential = New-Object System.Management.Automation.PSCredential($domain_username,$domain_password)\n\nif ($domain -ne 'crit.nessdemo.local'){\n  Start-Sleep -Seconds 600\n  Add-Computer -DomainName crit.nessdemo.local -Credential $credential -Passthru -Verbose -Force -Restart\n}\n\nStart-Sleep -Seconds 5\n\u003c/powershell\u003e\n\u003cpersist\u003etrue\u003c/persist\u003e\n",
            "template": "\u003cpowershell\u003e\n\nSet-ExecutionPolicy unrestricted -Force\n\nnet user Administrator \"ab12.cd34.xy56\"\n$domain = (Get-WmiObject win32_computersystem).Domain\n$hostname = hostname\n$domain_username = \"crit.nessdemo.local\\Administrator\"\n$domain_password = ConvertTo-SecureString \"ab12.cd34.xy56\" -AsPlainText -Force\n$credential = New-Object System.Management.Automation.PSCredential($domain_username,$domain_password)\n\nif ($domain -ne 'crit.nessdemo.local'){\n  Start-Sleep -Seconds 600\n  Add-Computer -DomainName crit.nessdemo.local -Credential $credential -Passthru -Verbose -Force -Restart\n}\n\nStart-Sleep -Seconds 5\n\u003c/powershell\u003e\n\u003cpersist\u003etrue\u003c/persist\u003e\n",
            "vars": null
          },
          "sensitive_attributes": []
        }
      ]
    },
    {
      "mode": "managed",
      "type": "aws_instance",
      "name": "windows-server-dc",
      "provider": "provider[\"registry.terraform.io/hashicorp/aws\"]",
      "instances": [
        {
          "schema_version": 1,
          "attributes": {
            "ami": "ami-040659f19dd333555",
            "arn": "arn:aws:ec2:us-east-2:203518068312:instance/i-0d6e6535677b2cc1d",
            "associate_public_ip_address": true,
            "availability_zone": "us-east-2c",
            "capacity_reservation_specification": [
              {
                "capacity_reservation_preference": "open",
                "capacity_reservation_target": []
              }
            ],
            "cpu_core_count": 1,
            "cpu_options": [
              {
                "amd_sev_snp": "",
                "core_count": 1,
                "threads_per_core": 2
              }
            ],
            "cpu_threads_per_core": 2,
            "credit_specification": [
              {
                "cpu_credits": "unlimited"
              }
            ],
            "disable_api_stop": false,
            "disable_api_termination": false,
            "ebs_block_device": [],
            "ebs_optimized": false,
            "enclave_options": [
              {
                "enabled": false
              }
            ],
            "ephemeral_block_device": [],
            "get_password_data": true,
            "hibernation": false,
            "host_id": "",
            "host_resource_group_arn": null,
            "iam_instance_profile": "",
            "id": "i-0d6e6535677b2cc1d",
            "instance_initiated_shutdown_behavior": "stop",
            "instance_lifecycle": "",
            "instance_market_options": [],
            "instance_state": "running",
            "instance_type": "t3.large",
            "ipv6_address_count": 0,
            "ipv6_addresses": [],
            "key_name": "windows-key-pair",
            "launch_template": [],
            "maintenance_options": [
              {
                "auto_recovery": "default"
              }
            ],
            "metadata_options": [
              {
                "http_endpoint": "enabled",
                "http_protocol_ipv6": "disabled",
                "http_put_response_hop_limit": 1,
                "http_tokens": "optional",
                "instance_metadata_tags": "disabled"
              }
            ],
            "monitoring": true,
            "network_interface": [],
            "outpost_arn": "",
            "password_data": "DR2Mg8ARDiK46lXiWoRGILklFiBBvy8EiB26q1/Lp9k5ap9ty0pkC5kKJDlcBuXsFUb8ERRx1RK2RXWaYYKGJAqsYm7/lG0cjTdV/K/9Vkj0zXur+QnZ0yzPTpBlgXZlk9muCZ8Ef3vOyIegabEUyz9JJJQ5hnjkFE8vELp7Drx43VGB+1e2RXz6byN64lNSIwW0JTuFExpmuC/oHK5xh+KCdpRfujDMhNbwwlKHVbd1AJWnD8g+nrO/SkhKisEMsXaqp+d01WzjDRDdWSSiBQmoYF5Ui81SnVSptoiJt6lEKNBX2jYxXL8u9D3zHQti7XKPCLx5DUjRj5yGIu5+MYiOtHLpLFwSExIVyrkQi8Xxk5M2qxBnDIdjKXKluK2CvLNjQPBclVlVyEv04EtoOqjONKnj35QCisxhVZ63SNwqZvoivwajWYaNDlHYPt8Z/ZYa3hTrs/2r6bu8R41rigIumjhzGI7UMbsCRo7zNMM92iLflsr8uKy2CJNxyO6//UHzSmvkjzzvxzSxBVt1GjDWT4vi+sZTtHnubnkHHQhRrlDT61kR/tgMIkQcV0s6rVB5eocHD18vtRtNIV53wDWCp85Q3wB5ilBTsmrpsdQKH4UyLQKkj/VfxK7bQ9EGUg+UmXfC3KesQordvrMbzAr53yI0H2aSUMw1in+dS+s=",
            "placement_group": "",
            "placement_partition_number": 0,
            "primary_network_interface_id": "eni-05ac84ed8613d2e95",
            "private_dns": "ip-10-11-1-125.us-east-2.compute.internal",
            "private_dns_name_options": [
              {
                "enable_resource_name_dns_a_record": false,
                "enable_resource_name_dns_aaaa_record": false,
                "hostname_type": "ip-name"
              }
            ],
            "private_ip": "10.11.1.125",
            "public_dns": "ec2-3-17-4-13.us-east-2.compute.amazonaws.com",
            "public_ip": "3.17.4.13",
            "root_block_device": [
              {
                "delete_on_termination": true,
                "device_name": "/dev/sda1",
                "encrypted": true,
                "iops": 300,
                "kms_key_id": "arn:aws:kms:us-east-2:203518068312:key/74994308-0c5d-445f-872b-5355fd36b037",
                "tags": {},
                "tags_all": {},
                "throughput": 0,
                "volume_id": "vol-098988f0eaa73cd98",
                "volume_size": 100,
                "volume_type": "gp2"
              }
            ],
            "secondary_private_ips": [],
            "security_groups": [],
            "source_dest_check": false,
            "spot_instance_request_id": "",
            "subnet_id": "subnet-0d5f13a02bafb6f37",
            "tags": {
              "Environment": "test",
              "Name": "windows-server-dc"
            },
            "tags_all": {
              "Environment": "test",
              "Name": "windows-server-dc"
            },
            "tenancy": "default",
            "timeouts": null,
            "user_data": "7e784c1e8b02120661c9b14e1a3b0171c4c6d6bc",
            "user_data_base64": null,
            "user_data_replace_on_change": false,
            "volume_tags": null,
            "vpc_security_group_ids": [
              "sg-07150889ea3df82b9"
            ]
          },
          "sensitive_attributes": [],
          "private": "eyJlMmJmYjczMC1lY2FhLTExZTYtOGY4OC0zNDM2M2JjN2M0YzAiOnsiY3JlYXRlIjo2MDAwMDAwMDAwMDAsImRlbGV0ZSI6MTIwMDAwMDAwMDAwMCwicmVhZCI6OTAwMDAwMDAwMDAwLCJ1cGRhdGUiOjYwMDAwMDAwMDAwMH0sInNjaGVtYV92ZXJzaW9uIjoiMSJ9",
          "dependencies": [
            "aws_key_pair.key_pair",
            "aws_security_group.aws-windows-sg",
            "aws_subnet.public-subnet",
            "aws_vpc.vpc",
            "data.aws_ami.windows-server",
            "data.template_file.windows-dc-userdata",
            "tls_private_key.key_pair"
          ]
        }
      ]
    },
    {
      "mode": "managed",
      "type": "aws_instance",
      "name": "windows-server-member",
      "provider": "provider[\"registry.terraform.io/hashicorp/aws\"]",
      "instances": [
        {
          "schema_version": 1,
          "attributes": {
            "ami": "ami-0caa6784ed30b62c4",
            "arn": "arn:aws:ec2:us-east-2:203518068312:instance/i-0a21e687040fca8a5",
            "associate_public_ip_address": true,
            "availability_zone": "us-east-2c",
            "capacity_reservation_specification": [
              {
                "capacity_reservation_preference": "open",
                "capacity_reservation_target": []
              }
            ],
            "cpu_core_count": 1,
            "cpu_options": [
              {
                "amd_sev_snp": "",
                "core_count": 1,
                "threads_per_core": 2
              }
            ],
            "cpu_threads_per_core": 2,
            "credit_specification": [
              {
                "cpu_credits": "unlimited"
              }
            ],
            "disable_api_stop": false,
            "disable_api_termination": false,
            "ebs_block_device": [],
            "ebs_optimized": false,
            "enclave_options": [
              {
                "enabled": false
              }
            ],
            "ephemeral_block_device": [],
            "get_password_data": false,
            "hibernation": false,
            "host_id": "",
            "host_resource_group_arn": null,
            "iam_instance_profile": "",
            "id": "i-0a21e687040fca8a5",
            "instance_initiated_shutdown_behavior": "stop",
            "instance_lifecycle": "",
            "instance_market_options": [],
            "instance_state": "running",
            "instance_type": "t3.large",
            "ipv6_address_count": 0,
            "ipv6_addresses": [],
            "key_name": "windows-key-pair",
            "launch_template": [],
            "maintenance_options": [
              {
                "auto_recovery": "default"
              }
            ],
            "metadata_options": [
              {
                "http_endpoint": "enabled",
                "http_protocol_ipv6": "disabled",
                "http_put_response_hop_limit": 1,
                "http_tokens": "optional",
                "instance_metadata_tags": "disabled"
              }
            ],
            "monitoring": true,
            "network_interface": [],
            "outpost_arn": "",
            "password_data": "",
            "placement_group": "",
            "placement_partition_number": 0,
            "primary_network_interface_id": "eni-07e96935490266d1f",
            "private_dns": "ip-10-11-1-187.us-east-2.compute.internal",
            "private_dns_name_options": [
              {
                "enable_resource_name_dns_a_record": false,
                "enable_resource_name_dns_aaaa_record": false,
                "hostname_type": "ip-name"
              }
            ],
            "private_ip": "10.11.1.187",
            "public_dns": "ec2-3-21-126-135.us-east-2.compute.amazonaws.com",
            "public_ip": "3.21.126.135",
            "root_block_device": [
              {
                "delete_on_termination": true,
                "device_name": "/dev/sda1",
                "encrypted": true,
                "iops": 300,
                "kms_key_id": "arn:aws:kms:us-east-2:203518068312:key/74994308-0c5d-445f-872b-5355fd36b037",
                "tags": null,
                "tags_all": {},
                "throughput": 0,
                "volume_id": "vol-06a02f24b6f083c29",
                "volume_size": 100,
                "volume_type": "gp2"
              }
            ],
            "secondary_private_ips": [],
            "security_groups": [],
            "source_dest_check": false,
            "spot_instance_request_id": "",
            "subnet_id": "subnet-0d5f13a02bafb6f37",
            "tags": {
              "Environment": "test",
              "Name": "windows-server-member"
            },
            "tags_all": {
              "Environment": "test",
              "Name": "windows-server-member"
            },
            "tenancy": "default",
            "timeouts": null,
            "user_data": "795de7ddfef802695d4d8d268d73b2b27bd7ac0c",
            "user_data_base64": null,
            "user_data_replace_on_change": false,
            "volume_tags": null,
            "vpc_security_group_ids": [
              "sg-07150889ea3df82b9"
            ]
          },
          "sensitive_attributes": [],
          "private": "eyJlMmJmYjczMC1lY2FhLTExZTYtOGY4OC0zNDM2M2JjN2M0YzAiOnsiY3JlYXRlIjo2MDAwMDAwMDAwMDAsImRlbGV0ZSI6MTIwMDAwMDAwMDAwMCwicmVhZCI6OTAwMDAwMDAwMDAwLCJ1cGRhdGUiOjYwMDAwMDAwMDAwMH0sInNjaGVtYV92ZXJzaW9uIjoiMSJ9",
          "dependencies": [
            "aws_key_pair.key_pair",
            "aws_security_group.aws-windows-sg",
            "aws_subnet.public-subnet",
            "data.aws_ami.windows-member-server",
            "data.template_file.windows-member-userdata"
          ]
        }
      ]
    },
    {
      "mode": "managed",
      "type": "aws_internet_gateway",
      "name": "gw",
      "provider": "provider[\"registry.terraform.io/hashicorp/aws\"]",
      "instances": [
        {
          "schema_version": 0,
          "attributes": {
            "arn": "arn:aws:ec2:us-east-2:203518068312:internet-gateway/igw-00df031f4b65e9c1c",
            "id": "igw-00df031f4b65e9c1c",
            "owner_id": "203518068312",
            "tags": {},
            "tags_all": {},
            "timeouts": null,
            "vpc_id": "vpc-099503167330a2ec7"
          },
          "sensitive_attributes": [],
          "private": "eyJlMmJmYjczMC1lY2FhLTExZTYtOGY4OC0zNDM2M2JjN2M0YzAiOnsiY3JlYXRlIjoxMjAwMDAwMDAwMDAwLCJkZWxldGUiOjEyMDAwMDAwMDAwMDAsInVwZGF0ZSI6MTIwMDAwMDAwMDAwMH19",
          "dependencies": [
            "aws_vpc.vpc"
          ]
        }
      ]
    },
    {
      "mode": "managed",
      "type": "aws_key_pair",
      "name": "key_pair",
      "provider": "provider[\"registry.terraform.io/hashicorp/aws\"]",
      "instances": [
        {
          "schema_version": 1,
          "attributes": {
            "arn": "arn:aws:ec2:us-east-2:203518068312:key-pair/windows-key-pair",
            "fingerprint": "f4:a9:b8:ee:c0:b9:23:5d:bb:f6:3a:62:9b:e8:e4:82",
            "id": "windows-key-pair",
            "key_name": "windows-key-pair",
            "key_name_prefix": "",
            "key_pair_id": "key-006e339b66cca803a",
            "key_type": "rsa",
            "public_key": "ssh-rsa AAAAB3NzaC1yc2EAAAADAQABAAACAQCaC0rZQmPGM+uPoB93XmeSte73L74wc+UhUEod5+ZH29l7J9RtuQiC4Mfs+IPhCZ+Jh5XLQ0+lw24i/Tlh8Ijw1UDBnDG8OcVNcAm6Z7iK1rf6kCQtfB6JGKAbWDJT/j9a9ctsM0QIkmxYJT7CNyxCXru+NxN4C9ic1PJs6DANedQ7/Gv7A8RXw32r/+Eo94zfIbYUVHFtObsm108Zxtt7k4XKyn5nf3P6pLY+6K7LHJxGq38eoUgdJvh20ClXYWWedPBkkgugyKhA7C7l5jvH2B1QXUeX6TBmZKoYo6IO8ctp0HwJAPjSbTe6bxfHdqkTvFYOv6aN20lwMP/V1D4wz/Q2/OuBE+ZEVi1ks+2kjXx1Qg21h58mvtBz4hnAIHAZE+B5mJy5jDf8qLRaJnRnfFmUqJwiRkxpRDlvpvCvsSqAELhiMMm2S/HzmI2t/G07uZ9od0T4f7Y5q/TlumnoEsbM2kpJcH9ACWkwBgNmJpoUJKPpSqa6zywrXtARbHxMpy4reSJxxPqlbiZI/BwyH/XgY+Zm43JS00viPjDzEQhC1vFFWnGWGgxhD2I9BulB34o9UURXYXxK81DeBdPXC7s/s9jT3GMfjy5mzGGHqvLKYLD0cHIzVGK1kcAVzavsgzqC+JYOzirSw5vBPpiZ6ElSLXiZfT581yVn7G3rbQ==",
            "tags": {},
            "tags_all": {}
          },
          "sensitive_attributes": [],
          "private": "eyJzY2hlbWFfdmVyc2lvbiI6IjEifQ==",
          "dependencies": [
            "tls_private_key.key_pair"
          ]
        }
      ]
    },
    {
      "mode": "managed",
      "type": "aws_route_table",
      "name": "private-rt",
      "provider": "provider[\"registry.terraform.io/hashicorp/aws\"]",
      "instances": [
        {
          "schema_version": 0,
          "attributes": {
            "arn": "arn:aws:ec2:us-east-2:203518068312:route-table/rtb-073f3b407ad9cdcbf",
            "id": "rtb-073f3b407ad9cdcbf",
            "owner_id": "203518068312",
            "propagating_vgws": [],
            "route": [],
            "tags": {},
            "tags_all": {},
            "timeouts": null,
            "vpc_id": "vpc-099503167330a2ec7"
          },
          "sensitive_attributes": [],
          "private": "eyJlMmJmYjczMC1lY2FhLTExZTYtOGY4OC0zNDM2M2JjN2M0YzAiOnsiY3JlYXRlIjozMDAwMDAwMDAwMDAsImRlbGV0ZSI6MzAwMDAwMDAwMDAwLCJ1cGRhdGUiOjEyMDAwMDAwMDAwMH19",
          "dependencies": [
            "aws_vpc.vpc"
          ]
        }
      ]
    },
    {
      "mode": "managed",
      "type": "aws_route_table",
      "name": "public-rt",
      "provider": "provider[\"registry.terraform.io/hashicorp/aws\"]",
      "instances": [
        {
          "schema_version": 0,
          "attributes": {
            "arn": "arn:aws:ec2:us-east-2:203518068312:route-table/rtb-0b85c1b83e4447f7b",
            "id": "rtb-0b85c1b83e4447f7b",
            "owner_id": "203518068312",
            "propagating_vgws": [],
            "route": [
              {
                "carrier_gateway_id": "",
                "cidr_block": "0.0.0.0/0",
                "core_network_arn": "",
                "destination_prefix_list_id": "",
                "egress_only_gateway_id": "",
                "gateway_id": "igw-00df031f4b65e9c1c",
                "ipv6_cidr_block": "",
                "local_gateway_id": "",
                "nat_gateway_id": "",
                "network_interface_id": "",
                "transit_gateway_id": "",
                "vpc_endpoint_id": "",
                "vpc_peering_connection_id": ""
              }
            ],
            "tags": {},
            "tags_all": {},
            "timeouts": null,
            "vpc_id": "vpc-099503167330a2ec7"
          },
          "sensitive_attributes": [],
          "private": "eyJlMmJmYjczMC1lY2FhLTExZTYtOGY4OC0zNDM2M2JjN2M0YzAiOnsiY3JlYXRlIjozMDAwMDAwMDAwMDAsImRlbGV0ZSI6MzAwMDAwMDAwMDAwLCJ1cGRhdGUiOjEyMDAwMDAwMDAwMH19",
          "dependencies": [
            "aws_internet_gateway.gw",
            "aws_vpc.vpc"
          ]
        }
      ]
    },
    {
      "mode": "managed",
      "type": "aws_route_table_association",
      "name": "perf-crta-private-subnet-1",
      "provider": "provider[\"registry.terraform.io/hashicorp/aws\"]",
      "instances": [
        {
          "schema_version": 0,
          "attributes": {
            "gateway_id": "",
            "id": "rtbassoc-0f918d3dca6d58889",
            "route_table_id": "rtb-073f3b407ad9cdcbf",
            "subnet_id": "subnet-0b3a2f65ac1d41a6c",
            "timeouts": null
          },
          "sensitive_attributes": [],
          "private": "eyJlMmJmYjczMC1lY2FhLTExZTYtOGY4OC0zNDM2M2JjN2M0YzAiOnsiY3JlYXRlIjozMDAwMDAwMDAwMDAsImRlbGV0ZSI6MzAwMDAwMDAwMDAwLCJ1cGRhdGUiOjEyMDAwMDAwMDAwMH19",
          "dependencies": [
            "aws_route_table.private-rt",
            "aws_subnet.private-subnet",
            "aws_vpc.vpc"
          ]
        }
      ]
    },
    {
      "mode": "managed",
      "type": "aws_route_table_association",
      "name": "public-rt-association",
      "provider": "provider[\"registry.terraform.io/hashicorp/aws\"]",
      "instances": [
        {
          "schema_version": 0,
          "attributes": {
            "gateway_id": "",
            "id": "rtbassoc-0251d8408911ed949",
            "route_table_id": "rtb-0b85c1b83e4447f7b",
            "subnet_id": "subnet-0d5f13a02bafb6f37",
            "timeouts": null
          },
          "sensitive_attributes": [],
          "private": "eyJlMmJmYjczMC1lY2FhLTExZTYtOGY4OC0zNDM2M2JjN2M0YzAiOnsiY3JlYXRlIjozMDAwMDAwMDAwMDAsImRlbGV0ZSI6MzAwMDAwMDAwMDAwLCJ1cGRhdGUiOjEyMDAwMDAwMDAwMH19",
          "dependencies": [
            "aws_internet_gateway.gw",
            "aws_route_table.public-rt",
            "aws_subnet.public-subnet",
            "aws_vpc.vpc"
          ]
        }
      ]
    },
    {
      "mode": "managed",
      "type": "aws_security_group",
      "name": "aws-windows-private-sg",
      "provider": "provider[\"registry.terraform.io/hashicorp/aws\"]",
      "instances": [
        {
          "schema_version": 1,
          "attributes": {
            "arn": "arn:aws:ec2:us-east-2:203518068312:security-group/sg-0d986f710ca643d52",
            "description": "Allow incoming connections",
            "egress": [
              {
                "cidr_blocks": [
                  "0.0.0.0/0"
                ],
                "description": "",
                "from_port": 0,
                "ipv6_cidr_blocks": [],
                "prefix_list_ids": [],
                "protocol": "-1",
                "security_groups": [],
                "self": false,
                "to_port": 0
              }
            ],
            "id": "sg-0d986f710ca643d52",
            "ingress": [
              {
                "cidr_blocks": [],
                "description": "Allow All Connections From VPC",
                "from_port": 0,
                "ipv6_cidr_blocks": [],
                "prefix_list_ids": [],
                "protocol": "-1",
                "security_groups": [],
                "self": true,
                "to_port": 0
              }
            ],
            "name": "windows-private-sg",
            "name_prefix": "",
            "owner_id": "203518068312",
            "revoke_rules_on_delete": false,
            "tags": {
              "Name": "windows-private-sg"
            },
            "tags_all": {
              "Name": "windows-private-sg"
            },
            "timeouts": null,
            "vpc_id": "vpc-099503167330a2ec7"
          },
          "sensitive_attributes": [],
          "private": "eyJlMmJmYjczMC1lY2FhLTExZTYtOGY4OC0zNDM2M2JjN2M0YzAiOnsiY3JlYXRlIjo2MDAwMDAwMDAwMDAsImRlbGV0ZSI6OTAwMDAwMDAwMDAwfSwic2NoZW1hX3ZlcnNpb24iOiIxIn0=",
          "dependencies": [
            "aws_vpc.vpc"
          ]
        }
      ]
    },
    {
      "mode": "managed",
      "type": "aws_security_group",
      "name": "aws-windows-sg",
      "provider": "provider[\"registry.terraform.io/hashicorp/aws\"]",
      "instances": [
        {
          "schema_version": 1,
          "attributes": {
            "arn": "arn:aws:ec2:us-east-2:203518068312:security-group/sg-07150889ea3df82b9",
            "description": "Allow incoming connections",
            "egress": [
              {
                "cidr_blocks": [
                  "0.0.0.0/0"
                ],
                "description": "",
                "from_port": 0,
                "ipv6_cidr_blocks": [],
                "prefix_list_ids": [],
                "protocol": "-1",
                "security_groups": [],
                "self": false,
                "to_port": 0
              }
            ],
            "id": "sg-07150889ea3df82b9",
            "ingress": [
              {
                "cidr_blocks": [
                  "0.0.0.0/0"
                ],
                "description": "Allow incoming connections from me",
                "from_port": 0,
                "ipv6_cidr_blocks": [],
                "prefix_list_ids": [],
                "protocol": "-1",
                "security_groups": [],
                "self": false,
                "to_port": 0
              },
              {
                "cidr_blocks": [],
                "description": "Allow All Connections From VPC",
                "from_port": 0,
                "ipv6_cidr_blocks": [],
                "prefix_list_ids": [],
                "protocol": "-1",
                "security_groups": [],
                "self": true,
                "to_port": 0
              }
            ],
            "name": "windows-sg",
            "name_prefix": "",
            "owner_id": "203518068312",
            "revoke_rules_on_delete": false,
            "tags": {
              "Name": "windows-sg"
            },
            "tags_all": {
              "Name": "windows-sg"
            },
            "timeouts": null,
            "vpc_id": "vpc-099503167330a2ec7"
          },
          "sensitive_attributes": [],
          "private": "eyJlMmJmYjczMC1lY2FhLTExZTYtOGY4OC0zNDM2M2JjN2M0YzAiOnsiY3JlYXRlIjo2MDAwMDAwMDAwMDAsImRlbGV0ZSI6OTAwMDAwMDAwMDAwfSwic2NoZW1hX3ZlcnNpb24iOiIxIn0=",
          "dependencies": [
            "aws_vpc.vpc"
          ]
        }
      ]
    },
    {
      "mode": "managed",
      "type": "aws_subnet",
      "name": "private-subnet",
      "provider": "provider[\"registry.terraform.io/hashicorp/aws\"]",
      "instances": [
        {
          "schema_version": 1,
          "attributes": {
            "arn": "arn:aws:ec2:us-east-2:203518068312:subnet/subnet-0b3a2f65ac1d41a6c",
            "assign_ipv6_address_on_creation": false,
            "availability_zone": "us-east-2c",
            "availability_zone_id": "use2-az3",
            "cidr_block": "10.11.2.0/24",
            "customer_owned_ipv4_pool": "",
            "enable_dns64": false,
            "enable_lni_at_device_index": 0,
            "enable_resource_name_dns_a_record_on_launch": false,
            "enable_resource_name_dns_aaaa_record_on_launch": false,
            "id": "subnet-0b3a2f65ac1d41a6c",
            "ipv6_cidr_block": "",
            "ipv6_cidr_block_association_id": "",
            "ipv6_native": false,
            "map_customer_owned_ip_on_launch": false,
            "map_public_ip_on_launch": false,
            "outpost_arn": "",
            "owner_id": "203518068312",
            "private_dns_hostname_type_on_launch": "ip-name",
            "tags": {},
            "tags_all": {},
            "timeouts": null,
            "vpc_id": "vpc-099503167330a2ec7"
          },
          "sensitive_attributes": [],
          "private": "eyJlMmJmYjczMC1lY2FhLTExZTYtOGY4OC0zNDM2M2JjN2M0YzAiOnsiY3JlYXRlIjo2MDAwMDAwMDAwMDAsImRlbGV0ZSI6MTIwMDAwMDAwMDAwMH0sInNjaGVtYV92ZXJzaW9uIjoiMSJ9",
          "dependencies": [
            "aws_vpc.vpc"
          ]
        }
      ]
    },
    {
      "mode": "managed",
      "type": "aws_subnet",
      "name": "public-subnet",
      "provider": "provider[\"registry.terraform.io/hashicorp/aws\"]",
      "instances": [
        {
          "schema_version": 1,
          "attributes": {
            "arn": "arn:aws:ec2:us-east-2:203518068312:subnet/subnet-0d5f13a02bafb6f37",
            "assign_ipv6_address_on_creation": false,
            "availability_zone": "us-east-2c",
            "availability_zone_id": "use2-az3",
            "cidr_block": "10.11.1.0/24",
            "customer_owned_ipv4_pool": "",
            "enable_dns64": false,
            "enable_lni_at_device_index": 0,
            "enable_resource_name_dns_a_record_on_launch": false,
            "enable_resource_name_dns_aaaa_record_on_launch": false,
            "id": "subnet-0d5f13a02bafb6f37",
            "ipv6_cidr_block": "",
            "ipv6_cidr_block_association_id": "",
            "ipv6_native": false,
            "map_customer_owned_ip_on_launch": false,
            "map_public_ip_on_launch": true,
            "outpost_arn": "",
            "owner_id": "203518068312",
            "private_dns_hostname_type_on_launch": "ip-name",
            "tags": {},
            "tags_all": {},
            "timeouts": null,
            "vpc_id": "vpc-099503167330a2ec7"
          },
          "sensitive_attributes": [],
          "private": "eyJlMmJmYjczMC1lY2FhLTExZTYtOGY4OC0zNDM2M2JjN2M0YzAiOnsiY3JlYXRlIjo2MDAwMDAwMDAwMDAsImRlbGV0ZSI6MTIwMDAwMDAwMDAwMH0sInNjaGVtYV92ZXJzaW9uIjoiMSJ9",
          "dependencies": [
            "aws_vpc.vpc"
          ]
        }
      ]
    },
    {
      "mode": "managed",
      "type": "aws_vpc",
      "name": "vpc",
      "provider": "provider[\"registry.terraform.io/hashicorp/aws\"]",
      "instances": [
        {
          "schema_version": 1,
          "attributes": {
            "arn": "arn:aws:ec2:us-east-2:203518068312:vpc/vpc-099503167330a2ec7",
            "assign_generated_ipv6_cidr_block": false,
            "cidr_block": "10.11.0.0/16",
            "default_network_acl_id": "acl-0e2f8751f0bd10aff",
            "default_route_table_id": "rtb-00d60e3ac0e256087",
            "default_security_group_id": "sg-084bae862bb436d56",
            "dhcp_options_id": "dopt-069d317fbac2f5443",
            "enable_dns_hostnames": true,
            "enable_dns_support": true,
            "enable_network_address_usage_metrics": false,
            "id": "vpc-099503167330a2ec7",
            "instance_tenancy": "default",
            "ipv4_ipam_pool_id": null,
            "ipv4_netmask_length": null,
            "ipv6_association_id": "",
            "ipv6_cidr_block": "",
            "ipv6_cidr_block_network_border_group": "",
            "ipv6_ipam_pool_id": "",
            "ipv6_netmask_length": 0,
            "main_route_table_id": "rtb-00d60e3ac0e256087",
            "owner_id": "203518068312",
            "tags": {
              "Name": "demo-vpc"
            },
            "tags_all": {
              "Name": "demo-vpc"
            }
          },
          "sensitive_attributes": [],
          "private": "eyJzY2hlbWFfdmVyc2lvbiI6IjEifQ=="
        }
      ]
    },
    {
      "mode": "managed",
      "type": "aws_vpc_dhcp_options",
      "name": "vpc-dhcp-options",
      "provider": "provider[\"registry.terraform.io/hashicorp/aws\"]",
      "instances": [
        {
          "schema_version": 0,
          "attributes": {
            "arn": "arn:aws:ec2:us-east-2:203518068312:dhcp-options/dopt-069d317fbac2f5443",
            "domain_name": "",
            "domain_name_servers": [
              "10.11.1.125"
            ],
            "id": "dopt-069d317fbac2f5443",
            "netbios_name_servers": [],
            "netbios_node_type": "",
            "ntp_servers": [],
            "owner_id": "203518068312",
            "tags": {},
            "tags_all": {}
          },
          "sensitive_attributes": [],
          "private": "bnVsbA==",
          "dependencies": [
            "aws_instance.windows-server-dc",
            "aws_key_pair.key_pair",
            "aws_security_group.aws-windows-sg",
            "aws_subnet.public-subnet",
            "aws_vpc.vpc",
            "data.aws_ami.windows-server",
            "data.template_file.windows-dc-userdata",
            "tls_private_key.key_pair"
          ]
        }
      ]
    },
    {
      "mode": "managed",
      "type": "aws_vpc_dhcp_options_association",
      "name": "dns_resolver",
      "provider": "provider[\"registry.terraform.io/hashicorp/aws\"]",
      "instances": [
        {
          "schema_version": 0,
          "attributes": {
            "dhcp_options_id": "dopt-069d317fbac2f5443",
            "id": "dopt-069d317fbac2f5443-vpc-099503167330a2ec7",
            "vpc_id": "vpc-099503167330a2ec7"
          },
          "sensitive_attributes": [],
          "private": "bnVsbA==",
          "dependencies": [
            "aws_instance.windows-server-dc",
            "aws_key_pair.key_pair",
            "aws_security_group.aws-windows-sg",
            "aws_subnet.public-subnet",
            "aws_vpc.vpc",
            "aws_vpc_dhcp_options.vpc-dhcp-options",
            "data.aws_ami.windows-server",
            "data.template_file.windows-dc-userdata",
            "tls_private_key.key_pair"
          ]
        }
      ]
    },
    {
      "mode": "managed",
      "type": "local_file",
      "name": "ssh_key",
      "provider": "provider[\"registry.terraform.io/hashicorp/local\"]",
      "instances": [
        {
          "schema_version": 0,
          "attributes": {
            "content": "-----BEGIN RSA PRIVATE KEY-----\nMIIJKAIBAAKCAgEAmgtK2UJjxjPrj6Afd15nkrXu9y++MHPlIVBKHefmR9vZeyfU\nbbkIguDH7PiD4QmfiYeVy0NPpcNuIv05YfCI8NVAwZwxvDnFTXAJume4ita3+pAk\nLXweiRigG1gyU/4/WvXLbDNECJJsWCU+wjcsQl67vjcTeAvYnNTybOgwDXnUO/xr\n+wPEV8N9q//hKPeM3yG2FFRxbTm7JtdPGcbbe5OFysp+Z39z+qS2PuiuyxycRqt/\nHqFIHSb4dtApV2FlnnTwZJILoMioQOwu5eY7x9gdUF1Hl+kwZmSqGKOiDvHLadB8\nCQD40m03um8Xx3apE7xWDr+mjdtJcDD/1dQ+MM/0NvzrgRPmRFYtZLPtpI18dUIN\ntYefJr7Qc+IZwCBwGRPgeZicuYw3/Ki0WiZ0Z3xZlKicIkZMaUQ5b6bwr7EqgBC4\nYjDJtkvx85iNrfxtO7mfaHdE+H+2Oav05bpp6BLGzNpKSXB/QAlpMAYDZiaaFCSj\n6Uqmus8sK17QEWx8TKcuK3kiccT6pW4mSPwcMh/14GPmZuNyUtNL4j4w8xEIQtbx\nRVpxlhoMYQ9iPQbpQd+KPVFEV2F8SvNQ3gXT1wu7P7PY09xjH48uZsxhh6ryymCw\n9HByM1RitZHAFc2r7IM6gviWDs4q0sObwT6YmehJUi14mX0+fNclZ+xt620CAwEA\nAQKCAgBbzjMTfD+eVj8jX9ig+YBcrVT3uFpu4gNCcWlanWRemyXoAfrWUZpC9dfw\n4MMoEOYlvsqFU15aejhfXe8e8Y2LimyHdqElfoCaABWsJDiVdhY7nEATY4+HQUfa\nRBvqdvInManEmGEJgspTVg8rDFqyS2c0m/pcZyL3hOneAhrxTRQxk+R+uuX/MCDr\nqxnzomUwbhTn1NOstuVU5qjbwen4ohjwnPHsmMb0L8n1gBL8NdblPzwJczFZPmqB\n1NlunDtFzoeeSHPppOyxlJD2rtod5izCQnVykaUowQGmoY7pvSzvqTLi4tNoBXNb\nBu5zD8MAYhQfwhRvIquH04wFUfKlk/Ks8SISCAOx9IY5NlkwDO7DH047XlY/pYFt\nESIeUT32vS8nw+yaDggAnqctiobBsgU9HJRDx4xAyDLs+3Pz6Ht7E8Su16IndqFj\nuww9UNfT0RaGak7UF1immXE705Ooz+6x6hzrJP1heVMqFkksdOv/0G3nYyeyJSTl\n/TcTXtwusl2T59nK4QCNzHPZySruk57WuRurubS+Zdf6i3ggKW52G3U33r6XPhpD\n5DILL7Fc/QdWhpZoSYHxeS/87b6n5Hf9BiZmjHHQDXEwuRVWWg00UHjmm4nZAvmq\nYmUqsh3mnyjvzoq3KHMu+02mAh2/L+YCJ6PGmLpdxthmPjROOQKCAQEAyL32aBrT\n+NT3wYUbNqMpg3ILidhAuNkYTpLnZxP4jXv9ZNnN/ZtcMPPblSH4VKMBVfTf6uDz\neJqFS6hAFWH9f/5WDKvODkTomu8US/c+nSJadNUyy5Ne3dwsKvuQHYMEeGaeqHf4\nfS7Hwh0FxzBHMJQtzPbdLetwVdklFBNhDhejAJ+N2IPKfUFDCGiEINNwwK1sD1M9\nDb9FML7t9W4+HkKuTjbIwlvqJEJ+BZzZqf1XZZox5m+ttUKHqkeuc9emnWr/sYiz\nfZ8CKMaqUuq1LhkgLWsRqPkQKFq9keyZxPRe62JFdU3ZYlD3r7y89z9PG7lZFwxS\neKhjDWT6x9BTmwKCAQEAxHKV+QLwwlzbonWtEpH/xvifxC5pmJWyz2cSyeqHucea\nrGD4Ut2eCzlWIt75m3ehDjBG4NPJGCA8yulSL6slai+xeRkvayXIy/hiB4tUX9KM\n//risz/Ttz2FoaRXo7IST+HTm66Zj2jPRsGBQ77MLcwwvqWQPbgY02MuIOnOJvJA\ntjhfKwy49We5lwhG/kDnqLwmTsPesyDxYcB0sAoqMg57E9evJ5UqyEdFj2ouiV6c\n2A5a1+2rIN2Mu4foLpWhBwEnyIHh7YfZ0P9CO+Rjdf9Ph4p6BkzdnJ4N+BhMT1fD\nTkFaSjQMqJ7o3WMhfIhN+USz0s8GFlDsOjXLarsBlwKCAQAKUDAjoxU22IIuEA+Y\n3AMa/LX5DAIvPQARsVxwIEeJxU/8aXA60kuHPFAQtmESwBkmeGE0qP/5Nz8X5vn7\n3z/t3nw/RGhetU2aACRzzq0J16T8EaP9b4HVNiWSw7/gtEV7hhIqp5c9nzSmFWWh\nmSpfJY3A1QICBPGNh41vHZvD5JT8SDY6ZHL3wm2WNgBry1EkpQRDOUyOsz/zxCtn\ni5VnapeX7xqbWauK11uwICHSqPBfiO99Xkl3YYakye/9hZvKxJ+EWHiYQJ4UyDgh\n8GsEhkfv7WtH2hvpZtgMcjJoOwHRaAgXgbtkYLKI9dJjhX4j937LP1fRWR1Vp9V2\nhI53AoIBAQDCmqiKpykNwaMqCtzKmqsA1mael0OwDgu2fesU7ypJFbzZqq4UmMnp\nYIE9xhkKs7VuMtDkA6kgJz9R21S5OBe2W0y6JALfZ+zEcmfaBWIuEovvQP+2hjIb\nQezRNdZDqTGOxK01ef9RG4jKFQMSsz3c2HwpQCXlniuprISTwkmgNzd3y9wq702C\nfaBSR7bcRDu44bopKMvCM44rQdXWVht6vvGZtH4k/hYFlOUJrywulPVW6tF/Okfe\nJNs3IukUzNFZ+QEKFfBTt9JEwblBT3xf9e043isHdrnKXqCD9r4Rk2U8bm0dOPaZ\nS+Ju/ba8gOKNXkutN7xV+xAokgXS0zI9AoIBAHWQsOl/zuptOEMFuyJg6j6VJHxg\ntQpvxHfCULa4cHDfKGdr6x856IT1BpftRoJl10BB1PUMR5zzkUJdFkD6IxjRbuNk\nSb8W+hgw1UVYmfgEi1XV9LsGIjjmIYS9u4sqMeZhAlA44EC/0NrYElBv29gtNhML\nn9DTHYwGy8rlTCwd7BrBx4EJf84FUHAjY8ct/ewZB6Ej9mek3aTT9gnkBSKvKg16\nDQhW2HG5kiAwrijZ54bTj5JBTOt8dj7Dx+7SLeuJfk3v00PMXz2wRr60UXnc+9L5\noXqVMZkcErKpqFEN0ZdN/+U0LRcjJqQz/PsGcvdX9LIAKj0GmVz0FMpFscw=\n-----END RSA PRIVATE KEY-----\n",
            "content_base64": null,
            "content_base64sha256": "f6SZGwrVYRn/xXtMxwICDitDeiioeBcaMUvmjg1XztA=",
            "content_base64sha512": "qhYLirEGLg/D81O+gQBnUi6x+LtePXrWRmAcSzk2dyDE33PTEuVkJncPYehIXgBHZgx7CrMGDZIwgxRNvHqs+A==",
            "content_md5": "0b5d3ea9d130258e26eb97172c2a0606",
            "content_sha1": "6b03ccc806579fcfb224e45ecf5a0c19d2f5f9ba",
            "content_sha256": "7fa4991b0ad56119ffc57b4cc702020e2b437a28a878171a314be68e0d57ced0",
            "content_sha512": "aa160b8ab1062e0fc3f353be810067522eb1f8bb5e3d7ad646601c4b39367720c4df73d312e56426770f61e8485e0047660c7b0ab3060d923083144dbc7aacf8",
            "directory_permission": "0777",
            "file_permission": "0777",
            "filename": "windows-key-pair.pem",
            "id": "6b03ccc806579fcfb224e45ecf5a0c19d2f5f9ba",
            "sensitive_content": null,
            "source": null
          },
          "sensitive_attributes": [
            [
              {
                "type": "get_attr",
                "value": "content"
              }
            ]
          ],
          "dependencies": [
            "aws_key_pair.key_pair",
            "tls_private_key.key_pair"
          ]
        }
      ]
    },
    {
      "mode": "managed",
      "type": "tls_private_key",
      "name": "key_pair",
      "provider": "provider[\"registry.terraform.io/hashicorp/tls\"]",
      "instances": [
        {
          "schema_version": 1,
          "attributes": {
            "algorithm": "RSA",
            "ecdsa_curve": "P224",
            "id": "c2ce5a27a3c9cc46ae427bff4e0a653f9e6053a6",
            "private_key_openssh": "-----BEGIN OPENSSH PRIVATE KEY-----\nb3BlbnNzaC1rZXktdjEAAAAABG5vbmUAAAAEbm9uZQAAAAAAAAABAAACFwAAAAdz\nc2gtcnNhAAAAAwEAAQAAAgEAmgtK2UJjxjPrj6Afd15nkrXu9y++MHPlIVBKHefm\nR9vZeyfUbbkIguDH7PiD4QmfiYeVy0NPpcNuIv05YfCI8NVAwZwxvDnFTXAJume4\nita3+pAkLXweiRigG1gyU/4/WvXLbDNECJJsWCU+wjcsQl67vjcTeAvYnNTybOgw\nDXnUO/xr+wPEV8N9q//hKPeM3yG2FFRxbTm7JtdPGcbbe5OFysp+Z39z+qS2Puiu\nyxycRqt/HqFIHSb4dtApV2FlnnTwZJILoMioQOwu5eY7x9gdUF1Hl+kwZmSqGKOi\nDvHLadB8CQD40m03um8Xx3apE7xWDr+mjdtJcDD/1dQ+MM/0NvzrgRPmRFYtZLPt\npI18dUINtYefJr7Qc+IZwCBwGRPgeZicuYw3/Ki0WiZ0Z3xZlKicIkZMaUQ5b6bw\nr7EqgBC4YjDJtkvx85iNrfxtO7mfaHdE+H+2Oav05bpp6BLGzNpKSXB/QAlpMAYD\nZiaaFCSj6Uqmus8sK17QEWx8TKcuK3kiccT6pW4mSPwcMh/14GPmZuNyUtNL4j4w\n8xEIQtbxRVpxlhoMYQ9iPQbpQd+KPVFEV2F8SvNQ3gXT1wu7P7PY09xjH48uZsxh\nh6ryymCw9HByM1RitZHAFc2r7IM6gviWDs4q0sObwT6YmehJUi14mX0+fNclZ+xt\n620AAAc4TpMCtE6TArQAAAAHc3NoLXJzYQAAAgEAmgtK2UJjxjPrj6Afd15nkrXu\n9y++MHPlIVBKHefmR9vZeyfUbbkIguDH7PiD4QmfiYeVy0NPpcNuIv05YfCI8NVA\nwZwxvDnFTXAJume4ita3+pAkLXweiRigG1gyU/4/WvXLbDNECJJsWCU+wjcsQl67\nvjcTeAvYnNTybOgwDXnUO/xr+wPEV8N9q//hKPeM3yG2FFRxbTm7JtdPGcbbe5OF\nysp+Z39z+qS2PuiuyxycRqt/HqFIHSb4dtApV2FlnnTwZJILoMioQOwu5eY7x9gd\nUF1Hl+kwZmSqGKOiDvHLadB8CQD40m03um8Xx3apE7xWDr+mjdtJcDD/1dQ+MM/0\nNvzrgRPmRFYtZLPtpI18dUINtYefJr7Qc+IZwCBwGRPgeZicuYw3/Ki0WiZ0Z3xZ\nlKicIkZMaUQ5b6bwr7EqgBC4YjDJtkvx85iNrfxtO7mfaHdE+H+2Oav05bpp6BLG\nzNpKSXB/QAlpMAYDZiaaFCSj6Uqmus8sK17QEWx8TKcuK3kiccT6pW4mSPwcMh/1\n4GPmZuNyUtNL4j4w8xEIQtbxRVpxlhoMYQ9iPQbpQd+KPVFEV2F8SvNQ3gXT1wu7\nP7PY09xjH48uZsxhh6ryymCw9HByM1RitZHAFc2r7IM6gviWDs4q0sObwT6YmehJ\nUi14mX0+fNclZ+xt620AAAADAQABAAACAFvOMxN8P55WPyNf2KD5gFytVPe4Wm7i\nA0JxaVqdZF6bJegB+tZRmkL11/DgwygQ5iW+yoVTXlp6OF9d7x7xjYuKbId2oSV+\ngJoAFawkOJV2FjucQBNjj4dBR9pEG+p28icxqcSYYQmCylNWDysMWrJLZzSb+lxn\nIveE6d4CGvFNFDGT5H665f8wIOurGfOiZTBuFOfU06y25VTmqNvB6fiiGPCc8eyY\nxvQvyfWAEvw11uU/PAlzMVk+aoHU2W6cO0XOh55Ic+mk7LGUkPau2h3mLMJCdXKR\npSjBAaahjum9LO+pMuLi02gFc1sG7nMPwwBiFB/CFG8iq4fTjAVR8qWT8qzxIhII\nA7H0hjk2WTAM7sMfTjteVj+lgW0RIh5RPfa9LyfD7JoOCACepy2KhsGyBT0clEPH\njEDIMuz7c/Poe3sTxK7Xoid2oWO7DD1Q19PRFoZqTtQXWKaZcTvTk6jP7rHqHOsk\n/WF5UyoWSSx06//QbedjJ7IlJOX9NxNe3C6yXZPn2crhAI3Mc9nJKu6Tnta5G6u5\ntL5l1/qLeCApbnYbdTfevpc+GkPkMgsvsVz9B1aGlmhJgfF5L/ztvqfkd/0GJmaM\ncdANcTC5FVZaDTRQeOabidkC+apiZSqyHeafKO/Oircocy77TaYCHb8v5gIno8aY\nul3G2GY+NE45AAABAHWQsOl/zuptOEMFuyJg6j6VJHxgtQpvxHfCULa4cHDfKGdr\n6x856IT1BpftRoJl10BB1PUMR5zzkUJdFkD6IxjRbuNkSb8W+hgw1UVYmfgEi1XV\n9LsGIjjmIYS9u4sqMeZhAlA44EC/0NrYElBv29gtNhMLn9DTHYwGy8rlTCwd7BrB\nx4EJf84FUHAjY8ct/ewZB6Ej9mek3aTT9gnkBSKvKg16DQhW2HG5kiAwrijZ54bT\nj5JBTOt8dj7Dx+7SLeuJfk3v00PMXz2wRr60UXnc+9L5oXqVMZkcErKpqFEN0ZdN\n/+U0LRcjJqQz/PsGcvdX9LIAKj0GmVz0FMpFscwAAAEBAMi99mga0/jU98GFGzaj\nKYNyC4nYQLjZGE6S52cT+I17/WTZzf2bXDDz25Uh+FSjAVX03+rg83iahUuoQBVh\n/X/+Vgyrzg5E6JrvFEv3Pp0iWnTVMsuTXt3cLCr7kB2DBHhmnqh3+H0ux8IdBccw\nRzCULcz23S3rcFXZJRQTYQ4XowCfjdiDyn1BQwhohCDTcMCtbA9TPQ2/RTC+7fVu\nPh5Crk42yMJb6iRCfgWc2an9V2WaMeZvrbVCh6pHrnPXpp1q/7GIs32fAijGqlLq\ntS4ZIC1rEaj5EChavZHsmcT0XutiRXVN2WJQ96+8vPc/Txu5WRcMUnioYw1k+sfQ\nU5sAAAEBAMRylfkC8MJc26J1rRKR/8b4n8QuaZiVss9nEsnqh7nHmqxg+FLdngs5\nViLe+Zt3oQ4wRuDTyRggPMrpUi+rJWovsXkZL2slyMv4YgeLVF/SjP/64rM/07c9\nhaGkV6OyEk/h05uumY9oz0bBgUO+zC3MML6lkD24GNNjLiDpzibyQLY4XysMuPVn\nuZcIRv5A56i8Jk7D3rMg8WHAdLAKKjIOexPXryeVKshHRY9qLolenNgOWtftqyDd\njLuH6C6VoQcBJ8iB4e2H2dD/QjvkY3X/T4eKegZM3ZyeDfgYTE9Xw05BWko0DKie\n6N1jIXyITflEs9LPBhZQ7Do1y2q7AZcAAAAAAQID\n-----END OPENSSH PRIVATE KEY-----\n",
            "private_key_pem": "-----BEGIN RSA PRIVATE KEY-----\nMIIJKAIBAAKCAgEAmgtK2UJjxjPrj6Afd15nkrXu9y++MHPlIVBKHefmR9vZeyfU\nbbkIguDH7PiD4QmfiYeVy0NPpcNuIv05YfCI8NVAwZwxvDnFTXAJume4ita3+pAk\nLXweiRigG1gyU/4/WvXLbDNECJJsWCU+wjcsQl67vjcTeAvYnNTybOgwDXnUO/xr\n+wPEV8N9q//hKPeM3yG2FFRxbTm7JtdPGcbbe5OFysp+Z39z+qS2PuiuyxycRqt/\nHqFIHSb4dtApV2FlnnTwZJILoMioQOwu5eY7x9gdUF1Hl+kwZmSqGKOiDvHLadB8\nCQD40m03um8Xx3apE7xWDr+mjdtJcDD/1dQ+MM/0NvzrgRPmRFYtZLPtpI18dUIN\ntYefJr7Qc+IZwCBwGRPgeZicuYw3/Ki0WiZ0Z3xZlKicIkZMaUQ5b6bwr7EqgBC4\nYjDJtkvx85iNrfxtO7mfaHdE+H+2Oav05bpp6BLGzNpKSXB/QAlpMAYDZiaaFCSj\n6Uqmus8sK17QEWx8TKcuK3kiccT6pW4mSPwcMh/14GPmZuNyUtNL4j4w8xEIQtbx\nRVpxlhoMYQ9iPQbpQd+KPVFEV2F8SvNQ3gXT1wu7P7PY09xjH48uZsxhh6ryymCw\n9HByM1RitZHAFc2r7IM6gviWDs4q0sObwT6YmehJUi14mX0+fNclZ+xt620CAwEA\nAQKCAgBbzjMTfD+eVj8jX9ig+YBcrVT3uFpu4gNCcWlanWRemyXoAfrWUZpC9dfw\n4MMoEOYlvsqFU15aejhfXe8e8Y2LimyHdqElfoCaABWsJDiVdhY7nEATY4+HQUfa\nRBvqdvInManEmGEJgspTVg8rDFqyS2c0m/pcZyL3hOneAhrxTRQxk+R+uuX/MCDr\nqxnzomUwbhTn1NOstuVU5qjbwen4ohjwnPHsmMb0L8n1gBL8NdblPzwJczFZPmqB\n1NlunDtFzoeeSHPppOyxlJD2rtod5izCQnVykaUowQGmoY7pvSzvqTLi4tNoBXNb\nBu5zD8MAYhQfwhRvIquH04wFUfKlk/Ks8SISCAOx9IY5NlkwDO7DH047XlY/pYFt\nESIeUT32vS8nw+yaDggAnqctiobBsgU9HJRDx4xAyDLs+3Pz6Ht7E8Su16IndqFj\nuww9UNfT0RaGak7UF1immXE705Ooz+6x6hzrJP1heVMqFkksdOv/0G3nYyeyJSTl\n/TcTXtwusl2T59nK4QCNzHPZySruk57WuRurubS+Zdf6i3ggKW52G3U33r6XPhpD\n5DILL7Fc/QdWhpZoSYHxeS/87b6n5Hf9BiZmjHHQDXEwuRVWWg00UHjmm4nZAvmq\nYmUqsh3mnyjvzoq3KHMu+02mAh2/L+YCJ6PGmLpdxthmPjROOQKCAQEAyL32aBrT\n+NT3wYUbNqMpg3ILidhAuNkYTpLnZxP4jXv9ZNnN/ZtcMPPblSH4VKMBVfTf6uDz\neJqFS6hAFWH9f/5WDKvODkTomu8US/c+nSJadNUyy5Ne3dwsKvuQHYMEeGaeqHf4\nfS7Hwh0FxzBHMJQtzPbdLetwVdklFBNhDhejAJ+N2IPKfUFDCGiEINNwwK1sD1M9\nDb9FML7t9W4+HkKuTjbIwlvqJEJ+BZzZqf1XZZox5m+ttUKHqkeuc9emnWr/sYiz\nfZ8CKMaqUuq1LhkgLWsRqPkQKFq9keyZxPRe62JFdU3ZYlD3r7y89z9PG7lZFwxS\neKhjDWT6x9BTmwKCAQEAxHKV+QLwwlzbonWtEpH/xvifxC5pmJWyz2cSyeqHucea\nrGD4Ut2eCzlWIt75m3ehDjBG4NPJGCA8yulSL6slai+xeRkvayXIy/hiB4tUX9KM\n//risz/Ttz2FoaRXo7IST+HTm66Zj2jPRsGBQ77MLcwwvqWQPbgY02MuIOnOJvJA\ntjhfKwy49We5lwhG/kDnqLwmTsPesyDxYcB0sAoqMg57E9evJ5UqyEdFj2ouiV6c\n2A5a1+2rIN2Mu4foLpWhBwEnyIHh7YfZ0P9CO+Rjdf9Ph4p6BkzdnJ4N+BhMT1fD\nTkFaSjQMqJ7o3WMhfIhN+USz0s8GFlDsOjXLarsBlwKCAQAKUDAjoxU22IIuEA+Y\n3AMa/LX5DAIvPQARsVxwIEeJxU/8aXA60kuHPFAQtmESwBkmeGE0qP/5Nz8X5vn7\n3z/t3nw/RGhetU2aACRzzq0J16T8EaP9b4HVNiWSw7/gtEV7hhIqp5c9nzSmFWWh\nmSpfJY3A1QICBPGNh41vHZvD5JT8SDY6ZHL3wm2WNgBry1EkpQRDOUyOsz/zxCtn\ni5VnapeX7xqbWauK11uwICHSqPBfiO99Xkl3YYakye/9hZvKxJ+EWHiYQJ4UyDgh\n8GsEhkfv7WtH2hvpZtgMcjJoOwHRaAgXgbtkYLKI9dJjhX4j937LP1fRWR1Vp9V2\nhI53AoIBAQDCmqiKpykNwaMqCtzKmqsA1mael0OwDgu2fesU7ypJFbzZqq4UmMnp\nYIE9xhkKs7VuMtDkA6kgJz9R21S5OBe2W0y6JALfZ+zEcmfaBWIuEovvQP+2hjIb\nQezRNdZDqTGOxK01ef9RG4jKFQMSsz3c2HwpQCXlniuprISTwkmgNzd3y9wq702C\nfaBSR7bcRDu44bopKMvCM44rQdXWVht6vvGZtH4k/hYFlOUJrywulPVW6tF/Okfe\nJNs3IukUzNFZ+QEKFfBTt9JEwblBT3xf9e043isHdrnKXqCD9r4Rk2U8bm0dOPaZ\nS+Ju/ba8gOKNXkutN7xV+xAokgXS0zI9AoIBAHWQsOl/zuptOEMFuyJg6j6VJHxg\ntQpvxHfCULa4cHDfKGdr6x856IT1BpftRoJl10BB1PUMR5zzkUJdFkD6IxjRbuNk\nSb8W+hgw1UVYmfgEi1XV9LsGIjjmIYS9u4sqMeZhAlA44EC/0NrYElBv29gtNhML\nn9DTHYwGy8rlTCwd7BrBx4EJf84FUHAjY8ct/ewZB6Ej9mek3aTT9gnkBSKvKg16\nDQhW2HG5kiAwrijZ54bTj5JBTOt8dj7Dx+7SLeuJfk3v00PMXz2wRr60UXnc+9L5\noXqVMZkcErKpqFEN0ZdN/+U0LRcjJqQz/PsGcvdX9LIAKj0GmVz0FMpFscw=\n-----END RSA PRIVATE KEY-----\n",
            "private_key_pem_pkcs8": "-----BEGIN PRIVATE KEY-----\nMIIJQgIBADANBgkqhkiG9w0BAQEFAASCCSwwggkoAgEAAoICAQCaC0rZQmPGM+uP\noB93XmeSte73L74wc+UhUEod5+ZH29l7J9RtuQiC4Mfs+IPhCZ+Jh5XLQ0+lw24i\n/Tlh8Ijw1UDBnDG8OcVNcAm6Z7iK1rf6kCQtfB6JGKAbWDJT/j9a9ctsM0QIkmxY\nJT7CNyxCXru+NxN4C9ic1PJs6DANedQ7/Gv7A8RXw32r/+Eo94zfIbYUVHFtObsm\n108Zxtt7k4XKyn5nf3P6pLY+6K7LHJxGq38eoUgdJvh20ClXYWWedPBkkgugyKhA\n7C7l5jvH2B1QXUeX6TBmZKoYo6IO8ctp0HwJAPjSbTe6bxfHdqkTvFYOv6aN20lw\nMP/V1D4wz/Q2/OuBE+ZEVi1ks+2kjXx1Qg21h58mvtBz4hnAIHAZE+B5mJy5jDf8\nqLRaJnRnfFmUqJwiRkxpRDlvpvCvsSqAELhiMMm2S/HzmI2t/G07uZ9od0T4f7Y5\nq/TlumnoEsbM2kpJcH9ACWkwBgNmJpoUJKPpSqa6zywrXtARbHxMpy4reSJxxPql\nbiZI/BwyH/XgY+Zm43JS00viPjDzEQhC1vFFWnGWGgxhD2I9BulB34o9UURXYXxK\n81DeBdPXC7s/s9jT3GMfjy5mzGGHqvLKYLD0cHIzVGK1kcAVzavsgzqC+JYOzirS\nw5vBPpiZ6ElSLXiZfT581yVn7G3rbQIDAQABAoICAFvOMxN8P55WPyNf2KD5gFyt\nVPe4Wm7iA0JxaVqdZF6bJegB+tZRmkL11/DgwygQ5iW+yoVTXlp6OF9d7x7xjYuK\nbId2oSV+gJoAFawkOJV2FjucQBNjj4dBR9pEG+p28icxqcSYYQmCylNWDysMWrJL\nZzSb+lxnIveE6d4CGvFNFDGT5H665f8wIOurGfOiZTBuFOfU06y25VTmqNvB6fii\nGPCc8eyYxvQvyfWAEvw11uU/PAlzMVk+aoHU2W6cO0XOh55Ic+mk7LGUkPau2h3m\nLMJCdXKRpSjBAaahjum9LO+pMuLi02gFc1sG7nMPwwBiFB/CFG8iq4fTjAVR8qWT\n8qzxIhIIA7H0hjk2WTAM7sMfTjteVj+lgW0RIh5RPfa9LyfD7JoOCACepy2KhsGy\nBT0clEPHjEDIMuz7c/Poe3sTxK7Xoid2oWO7DD1Q19PRFoZqTtQXWKaZcTvTk6jP\n7rHqHOsk/WF5UyoWSSx06//QbedjJ7IlJOX9NxNe3C6yXZPn2crhAI3Mc9nJKu6T\nnta5G6u5tL5l1/qLeCApbnYbdTfevpc+GkPkMgsvsVz9B1aGlmhJgfF5L/ztvqfk\nd/0GJmaMcdANcTC5FVZaDTRQeOabidkC+apiZSqyHeafKO/Oircocy77TaYCHb8v\n5gIno8aYul3G2GY+NE45AoIBAQDIvfZoGtP41PfBhRs2oymDcguJ2EC42RhOkudn\nE/iNe/1k2c39m1ww89uVIfhUowFV9N/q4PN4moVLqEAVYf1//lYMq84OROia7xRL\n9z6dIlp01TLLk17d3Cwq+5AdgwR4Zp6od/h9LsfCHQXHMEcwlC3M9t0t63BV2SUU\nE2EOF6MAn43Yg8p9QUMIaIQg03DArWwPUz0Nv0Uwvu31bj4eQq5ONsjCW+okQn4F\nnNmp/VdlmjHmb621QoeqR65z16adav+xiLN9nwIoxqpS6rUuGSAtaxGo+RAoWr2R\n7JnE9F7rYkV1TdliUPevvLz3P08buVkXDFJ4qGMNZPrH0FObAoIBAQDEcpX5AvDC\nXNuida0Skf/G+J/ELmmYlbLPZxLJ6oe5x5qsYPhS3Z4LOVYi3vmbd6EOMEbg08kY\nIDzK6VIvqyVqL7F5GS9rJcjL+GIHi1Rf0oz/+uKzP9O3PYWhpFejshJP4dObrpmP\naM9GwYFDvswtzDC+pZA9uBjTYy4g6c4m8kC2OF8rDLj1Z7mXCEb+QOeovCZOw96z\nIPFhwHSwCioyDnsT168nlSrIR0WPai6JXpzYDlrX7asg3Yy7h+gulaEHASfIgeHt\nh9nQ/0I75GN1/0+HinoGTN2cng34GExPV8NOQVpKNAyonujdYyF8iE35RLPSzwYW\nUOw6NctquwGXAoIBAApQMCOjFTbYgi4QD5jcAxr8tfkMAi89ABGxXHAgR4nFT/xp\ncDrSS4c8UBC2YRLAGSZ4YTSo//k3Pxfm+fvfP+3efD9EaF61TZoAJHPOrQnXpPwR\no/1vgdU2JZLDv+C0RXuGEiqnlz2fNKYVZaGZKl8ljcDVAgIE8Y2HjW8dm8PklPxI\nNjpkcvfCbZY2AGvLUSSlBEM5TI6zP/PEK2eLlWdql5fvGptZq4rXW7AgIdKo8F+I\n731eSXdhhqTJ7/2Fm8rEn4RYeJhAnhTIOCHwawSGR+/ta0faG+lm2AxyMmg7AdFo\nCBeBu2Rgsoj10mOFfiP3fss/V9FZHVWn1XaEjncCggEBAMKaqIqnKQ3BoyoK3Mqa\nqwDWZp6XQ7AOC7Z96xTvKkkVvNmqrhSYyelggT3GGQqztW4y0OQDqSAnP1HbVLk4\nF7ZbTLokAt9n7MRyZ9oFYi4Si+9A/7aGMhtB7NE11kOpMY7ErTV5/1EbiMoVAxKz\nPdzYfClAJeWeK6mshJPCSaA3N3fL3CrvTYJ9oFJHttxEO7jhuikoy8IzjitB1dZW\nG3q+8Zm0fiT+FgWU5QmvLC6U9Vbq0X86R94k2zci6RTM0Vn5AQoV8FO30kTBuUFP\nfF/17TjeKwd2ucpeoIP2vhGTZTxubR049plL4m79tryA4o1eS603vFX7ECiSBdLT\nMj0CggEAdZCw6X/O6m04QwW7ImDqPpUkfGC1Cm/Ed8JQtrhwcN8oZ2vrHznohPUG\nl+1GgmXXQEHU9QxHnPORQl0WQPojGNFu42RJvxb6GDDVRViZ+ASLVdX0uwYiOOYh\nhL27iyox5mECUDjgQL/Q2tgSUG/b2C02Ewuf0NMdjAbLyuVMLB3sGsHHgQl/zgVQ\ncCNjxy397BkHoSP2Z6TdpNP2CeQFIq8qDXoNCFbYcbmSIDCuKNnnhtOPkkFM63x2\nPsPH7tIt64l+Te/TQ8xfPbBGvrRRedz70vmhepUxmRwSsqmoUQ3Rl03/5TQtFyMm\npDP8+wZy91f0sgAqPQaZXPQUykWxzA==\n-----END PRIVATE KEY-----\n",
            "public_key_fingerprint_md5": "37:86:87:0d:3d:6b:4d:99:5d:3f:84:17:17:25:3a:a3",
            "public_key_fingerprint_sha256": "SHA256:4O7AzI4D1ohOhuwEs3VYiANMwNNMKdVOGOI/N5f+TXQ",
            "public_key_openssh": "ssh-rsa AAAAB3NzaC1yc2EAAAADAQABAAACAQCaC0rZQmPGM+uPoB93XmeSte73L74wc+UhUEod5+ZH29l7J9RtuQiC4Mfs+IPhCZ+Jh5XLQ0+lw24i/Tlh8Ijw1UDBnDG8OcVNcAm6Z7iK1rf6kCQtfB6JGKAbWDJT/j9a9ctsM0QIkmxYJT7CNyxCXru+NxN4C9ic1PJs6DANedQ7/Gv7A8RXw32r/+Eo94zfIbYUVHFtObsm108Zxtt7k4XKyn5nf3P6pLY+6K7LHJxGq38eoUgdJvh20ClXYWWedPBkkgugyKhA7C7l5jvH2B1QXUeX6TBmZKoYo6IO8ctp0HwJAPjSbTe6bxfHdqkTvFYOv6aN20lwMP/V1D4wz/Q2/OuBE+ZEVi1ks+2kjXx1Qg21h58mvtBz4hnAIHAZE+B5mJy5jDf8qLRaJnRnfFmUqJwiRkxpRDlvpvCvsSqAELhiMMm2S/HzmI2t/G07uZ9od0T4f7Y5q/TlumnoEsbM2kpJcH9ACWkwBgNmJpoUJKPpSqa6zywrXtARbHxMpy4reSJxxPqlbiZI/BwyH/XgY+Zm43JS00viPjDzEQhC1vFFWnGWGgxhD2I9BulB34o9UURXYXxK81DeBdPXC7s/s9jT3GMfjy5mzGGHqvLKYLD0cHIzVGK1kcAVzavsgzqC+JYOzirSw5vBPpiZ6ElSLXiZfT581yVn7G3rbQ==\n",
            "public_key_pem": "-----BEGIN PUBLIC KEY-----\nMIICIjANBgkqhkiG9w0BAQEFAAOCAg8AMIICCgKCAgEAmgtK2UJjxjPrj6Afd15n\nkrXu9y++MHPlIVBKHefmR9vZeyfUbbkIguDH7PiD4QmfiYeVy0NPpcNuIv05YfCI\n8NVAwZwxvDnFTXAJume4ita3+pAkLXweiRigG1gyU/4/WvXLbDNECJJsWCU+wjcs\nQl67vjcTeAvYnNTybOgwDXnUO/xr+wPEV8N9q//hKPeM3yG2FFRxbTm7JtdPGcbb\ne5OFysp+Z39z+qS2PuiuyxycRqt/HqFIHSb4dtApV2FlnnTwZJILoMioQOwu5eY7\nx9gdUF1Hl+kwZmSqGKOiDvHLadB8CQD40m03um8Xx3apE7xWDr+mjdtJcDD/1dQ+\nMM/0NvzrgRPmRFYtZLPtpI18dUINtYefJr7Qc+IZwCBwGRPgeZicuYw3/Ki0WiZ0\nZ3xZlKicIkZMaUQ5b6bwr7EqgBC4YjDJtkvx85iNrfxtO7mfaHdE+H+2Oav05bpp\n6BLGzNpKSXB/QAlpMAYDZiaaFCSj6Uqmus8sK17QEWx8TKcuK3kiccT6pW4mSPwc\nMh/14GPmZuNyUtNL4j4w8xEIQtbxRVpxlhoMYQ9iPQbpQd+KPVFEV2F8SvNQ3gXT\n1wu7P7PY09xjH48uZsxhh6ryymCw9HByM1RitZHAFc2r7IM6gviWDs4q0sObwT6Y\nmehJUi14mX0+fNclZ+xt620CAwEAAQ==\n-----END PUBLIC KEY-----\n",
            "rsa_bits": 4096
          },
          "sensitive_attributes": []
        }
      ]
    }
  ],
  "check_results": null
}
